// !$*UTF8*$!
{
	archiveVersion = 1;
	classes = {
	};
	objectVersion = 50;
	objects = {

/* Begin PBXFileReference section */
		5514B583266BFEE8000B27EB /* main.cpp */ = {isa = PBXFileReference; lastKnownFileType = sourcecode.cpp.cpp; name = main.cpp; path = ../main.cpp; sourceTree = "<group>"; };
		5514B584266BFEE8000B27EB /* mspprintf.c */ = {isa = PBXFileReference; lastKnownFileType = sourcecode.c.c; name = mspprintf.c; path = ../mspprintf.c; sourceTree = "<group>"; };
		5514B585266BFEE8000B27EB /* mspprintf.h */ = {isa = PBXFileReference; lastKnownFileType = sourcecode.c.h; name = mspprintf.h; path = ../mspprintf.h; sourceTree = "<group>"; };
		5514B586266BFEFF000B27EB /* MSP430.h */ = {isa = PBXFileReference; lastKnownFileType = sourcecode.c.h; name = MSP430.h; path = ../MSP430.h; sourceTree = "<group>"; };
		5514B587266C071A000B27EB /* GPIO.h */ = {isa = PBXFileReference; lastKnownFileType = sourcecode.c.h; name = GPIO.h; path = ../GPIO.h; sourceTree = "<group>"; };
		5514B588266C0770000B27EB /* msp430g2553.h.txt */ = {isa = PBXFileReference; lastKnownFileType = text; name = msp430g2553.h.txt; path = ../msp430g2553.h.txt; sourceTree = "<group>"; };
		5514B589266DF1DE000B27EB /* msp430fr2422.h.txt */ = {isa = PBXFileReference; lastKnownFileType = text; name = msp430fr2422.h.txt; path = ../msp430fr2422.h.txt; sourceTree = "<group>"; };
		5514B58A266DF333000B27EB /* Makefile */ = {isa = PBXFileReference; lastKnownFileType = sourcecode.make; name = Makefile; path = ../Makefile; sourceTree = "<group>"; };
/* End PBXFileReference section */

/* Begin PBXGroup section */
		5514B57C266BFEDD000B27EB = {
			isa = PBXGroup;
			children = (
				5514B588266C0770000B27EB /* msp430g2553.h.txt */,
				5514B589266DF1DE000B27EB /* msp430fr2422.h.txt */,
				5514B587266C071A000B27EB /* GPIO.h */,
				5514B586266BFEFF000B27EB /* MSP430.h */,
				5514B585266BFEE8000B27EB /* mspprintf.h */,
				5514B584266BFEE8000B27EB /* mspprintf.c */,
				5514B583266BFEE8000B27EB /* main.cpp */,
				5514B58A266DF333000B27EB /* Makefile */,
			);
			sourceTree = "<group>";
		};
/* End PBXGroup section */

/* Begin PBXProject section */
		5514B57D266BFEDD000B27EB /* Project object */ = {
			isa = PBXProject;
			attributes = {
				LastUpgradeCheck = 1140;
			};
			buildConfigurationList = 5514B580266BFEDD000B27EB /* Build configuration list for PBXProject "MSP430ProgrammerTest" */;
			compatibilityVersion = "Xcode 9.3";
			developmentRegion = en;
			hasScannedForEncodings = 0;
			knownRegions = (
				en,
				Base,
			);
			mainGroup = 5514B57C266BFEDD000B27EB;
			projectDirPath = "";
			projectRoot = "";
			targets = (
			);
		};
/* End PBXProject section */

/* Begin XCBuildConfiguration section */
		5514B581266BFEDD000B27EB /* Debug */ = {
			isa = XCBuildConfiguration;
			buildSettings = {
			};
			name = Debug;
		};
		5514B582266BFEDD000B27EB /* Release */ = {
			isa = XCBuildConfiguration;
			buildSettings = {
			};
			name = Release;
		};
/* End XCBuildConfiguration section */

/* Begin XCConfigurationList section */
		5514B580266BFEDD000B27EB /* Build configuration list for PBXProject "MSP430ProgrammerTest" */ = {
			isa = XCConfigurationList;
			buildConfigurations = (
				5514B581266BFEDD000B27EB /* Debug */,
				5514B582266BFEDD000B27EB /* Release */,
			);
			defaultConfigurationIsVisible = 0;
			defaultConfigurationName = Release;
		};
/* End XCConfigurationList section */
	};
	rootObject = 5514B57D266BFEDD000B27EB /* Project object */;
}
