// !$*UTF8*$!
{
	archiveVersion = 1;
	classes = {
	};
	objectVersion = 50;
	objects = {

/* Begin PBXBuildFile section */
		55E1D8EA253E868000628EF6 /* Foundation.framework in Frameworks */ = {isa = PBXBuildFile; fileRef = 55E1D8E9253E868000628EF6 /* Foundation.framework */; };
		55E1D8EC253E868400628EF6 /* IOKit.framework in Frameworks */ = {isa = PBXBuildFile; fileRef = 55E1D8EB253E868400628EF6 /* IOKit.framework */; };
		55E1D8EE253E892B00628EF6 /* main.cpp in Sources */ = {isa = PBXBuildFile; fileRef = 55E1D8ED253E892B00628EF6 /* main.cpp */; };
/* End PBXBuildFile section */

/* Begin PBXCopyFilesBuildPhase section */
		55E1D8DC253E864F00628EF6 /* CopyFiles */ = {
			isa = PBXCopyFilesBuildPhase;
			buildActionMask = 2147483647;
			dstPath = /usr/share/man/man1/;
			dstSubfolderSpec = 0;
			files = (
			);
			runOnlyForDeploymentPostprocessing = 1;
		};
/* End PBXCopyFilesBuildPhase section */

/* Begin PBXFileReference section */
		55671A21257E853100C1CDA4 /* MDCLoaderDevice.h */ = {isa = PBXFileReference; lastKnownFileType = sourcecode.c.h; path = MDCLoaderDevice.h; sourceTree = "<group>"; };
		55671A22257E853100C1CDA4 /* ELF32Binary.h */ = {isa = PBXFileReference; lastKnownFileType = sourcecode.c.h; path = ELF32Binary.h; sourceTree = "<group>"; };
		55671A24257E853100C1CDA4 /* Mmap.h */ = {isa = PBXFileReference; lastKnownFileType = sourcecode.c.h; path = Mmap.h; sourceTree = "<group>"; };
		55CAD61E26AF7B5B00450881 /* Enum.h */ = {isa = PBXFileReference; lastKnownFileType = sourcecode.c.h; path = Enum.h; sourceTree = "<group>"; };
		55CAD61F26AF7B5B00450881 /* Endian.h */ = {isa = PBXFileReference; lastKnownFileType = sourcecode.c.h; path = Endian.h; sourceTree = "<group>"; };
		55CAD62026AF7B5B00450881 /* RuntimeError.h */ = {isa = PBXFileReference; lastKnownFileType = sourcecode.c.h; path = RuntimeError.h; sourceTree = "<group>"; };
		55CAD62126AF7B5B00450881 /* Defer.h */ = {isa = PBXFileReference; lastKnownFileType = sourcecode.c.h; path = Defer.h; sourceTree = "<group>"; };
		55CAD62226AF7B5B00450881 /* HashInts.h */ = {isa = PBXFileReference; lastKnownFileType = sourcecode.c.h; path = HashInts.h; sourceTree = "<group>"; };
		55CAD62326AF7B5B00450881 /* RingBuffer.h */ = {isa = PBXFileReference; lastKnownFileType = sourcecode.c.h; path = RingBuffer.h; sourceTree = "<group>"; };
		55E1D8DE253E864F00628EF6 /* MDCLoader */ = {isa = PBXFileReference; explicitFileType = "compiled.mach-o.executable"; includeInIndex = 0; path = MDCLoader; sourceTree = BUILT_PRODUCTS_DIR; };
		55E1D8E9253E868000628EF6 /* Foundation.framework */ = {isa = PBXFileReference; lastKnownFileType = wrapper.framework; name = Foundation.framework; path = System/Library/Frameworks/Foundation.framework; sourceTree = SDKROOT; };
		55E1D8EB253E868400628EF6 /* IOKit.framework */ = {isa = PBXFileReference; lastKnownFileType = wrapper.framework; name = IOKit.framework; path = System/Library/Frameworks/IOKit.framework; sourceTree = SDKROOT; };
		55E1D8ED253E892B00628EF6 /* main.cpp */ = {isa = PBXFileReference; fileEncoding = 4; lastKnownFileType = sourcecode.cpp.cpp; path = main.cpp; sourceTree = "<group>"; };
		55ECAFB626AF96F600A339C7 /* USB.h */ = {isa = PBXFileReference; lastKnownFileType = sourcecode.c.h; path = USB.h; sourceTree = "<group>"; };
		55ECAFCA26AFE2DC00A339C7 /* RefCounted.h */ = {isa = PBXFileReference; lastKnownFileType = sourcecode.c.h; path = RefCounted.h; sourceTree = "<group>"; };
		55ECAFCB26B0293500A339C7 /* Makefile */ = {isa = PBXFileReference; lastKnownFileType = sourcecode.make; path = Makefile; sourceTree = "<group>"; };
		55ECAFCD26B0DF0D00A339C7 /* USBDevice.h */ = {isa = PBXFileReference; lastKnownFileType = sourcecode.c.h; path = USBDevice.h; sourceTree = "<group>"; };
		55ECAFCE26B0DF1300A339C7 /* SendRight.h */ = {isa = PBXFileReference; lastKnownFileType = sourcecode.c.h; path = SendRight.h; sourceTree = "<group>"; };
/* End PBXFileReference section */

/* Begin PBXFrameworksBuildPhase section */
		55E1D8DB253E864F00628EF6 /* Frameworks */ = {
			isa = PBXFrameworksBuildPhase;
			buildActionMask = 2147483647;
			files = (
				55E1D8EA253E868000628EF6 /* Foundation.framework in Frameworks */,
				55E1D8EC253E868400628EF6 /* IOKit.framework in Frameworks */,
			);
			runOnlyForDeploymentPostprocessing = 0;
		};
/* End PBXFrameworksBuildPhase section */

/* Begin PBXGroup section */
		55671A1C257E853100C1CDA4 /* Shared */ = {
			isa = PBXGroup;
			children = (
				55671A22257E853100C1CDA4 /* ELF32Binary.h */,
				55671A21257E853100C1CDA4 /* MDCLoaderDevice.h */,
				55671A24257E853100C1CDA4 /* Mmap.h */,
			);
			name = Shared;
			path = ../Shared;
			sourceTree = "<group>";
		};
		55CAD61D26AF7B5B00450881 /* Toastbox */ = {
			isa = PBXGroup;
			children = (
				55CAD62126AF7B5B00450881 /* Defer.h */,
				55CAD61F26AF7B5B00450881 /* Endian.h */,
				55CAD61E26AF7B5B00450881 /* Enum.h */,
				55CAD62226AF7B5B00450881 /* HashInts.h */,
				55CAD62326AF7B5B00450881 /* RingBuffer.h */,
				55CAD62026AF7B5B00450881 /* RuntimeError.h */,
				55ECAFB626AF96F600A339C7 /* USB.h */,
				55ECAFCA26AFE2DC00A339C7 /* RefCounted.h */,
				55ECAFCD26B0DF0D00A339C7 /* USBDevice.h */,
				55ECAFCE26B0DF1300A339C7 /* SendRight.h */,
			);
			name = Toastbox;
			path = ../../Code/Lib/Toastbox;
			sourceTree = "<group>";
		};
		55E1D8D5253E864F00628EF6 = {
			isa = PBXGroup;
			children = (
				55ECAFCB26B0293500A339C7 /* Makefile */,
				55CAD61D26AF7B5B00450881 /* Toastbox */,
				55671A1C257E853100C1CDA4 /* Shared */,
				55E1D8ED253E892B00628EF6 /* main.cpp */,
				55E1D8E8253E868000628EF6 /* Frameworks */,
				55E1D8DF253E864F00628EF6 /* Products */,
			);
			sourceTree = "<group>";
		};
		55E1D8DF253E864F00628EF6 /* Products */ = {
			isa = PBXGroup;
			children = (
				55E1D8DE253E864F00628EF6 /* MDCLoader */,
			);
			name = Products;
			sourceTree = "<group>";
		};
		55E1D8E8253E868000628EF6 /* Frameworks */ = {
			isa = PBXGroup;
			children = (
				55E1D8EB253E868400628EF6 /* IOKit.framework */,
				55E1D8E9253E868000628EF6 /* Foundation.framework */,
			);
			name = Frameworks;
			sourceTree = "<group>";
		};
/* End PBXGroup section */

/* Begin PBXNativeTarget section */
		55E1D8DD253E864F00628EF6 /* MDCLoader */ = {
			isa = PBXNativeTarget;
			buildConfigurationList = 55E1D8E5253E864F00628EF6 /* Build configuration list for PBXNativeTarget "MDCLoader" */;
			buildPhases = (
				55E1D8DA253E864F00628EF6 /* Sources */,
				55E1D8DB253E864F00628EF6 /* Frameworks */,
				55E1D8DC253E864F00628EF6 /* CopyFiles */,
			);
			buildRules = (
			);
			dependencies = (
			);
			name = MDCLoader;
			productName = MDCLoader;
			productReference = 55E1D8DE253E864F00628EF6 /* MDCLoader */;
			productType = "com.apple.product-type.tool";
		};
/* End PBXNativeTarget section */

/* Begin PBXProject section */
		55E1D8D6253E864F00628EF6 /* Project object */ = {
			isa = PBXProject;
			attributes = {
				LastUpgradeCheck = 1140;
				ORGANIZATIONNAME = dave;
				TargetAttributes = {
					55E1D8DD253E864F00628EF6 = {
						CreatedOnToolsVersion = 11.4;
					};
				};
			};
			buildConfigurationList = 55E1D8D9253E864F00628EF6 /* Build configuration list for PBXProject "MDCLoader" */;
			compatibilityVersion = "Xcode 9.3";
			developmentRegion = en;
			hasScannedForEncodings = 0;
			knownRegions = (
				en,
				Base,
			);
			mainGroup = 55E1D8D5253E864F00628EF6;
			productRefGroup = 55E1D8DF253E864F00628EF6 /* Products */;
			projectDirPath = "";
			projectRoot = "";
			targets = (
				55E1D8DD253E864F00628EF6 /* MDCLoader */,
			);
		};
/* End PBXProject section */

/* Begin PBXSourcesBuildPhase section */
		55E1D8DA253E864F00628EF6 /* Sources */ = {
			isa = PBXSourcesBuildPhase;
			buildActionMask = 2147483647;
			files = (
				55E1D8EE253E892B00628EF6 /* main.cpp in Sources */,
			);
			runOnlyForDeploymentPostprocessing = 0;
		};
/* End PBXSourcesBuildPhase section */

/* Begin XCBuildConfiguration section */
		55E1D8E3253E864F00628EF6 /* Debug */ = {
			isa = XCBuildConfiguration;
			buildSettings = {
				ALWAYS_SEARCH_USER_PATHS = NO;
				CLANG_ANALYZER_NONNULL = YES;
				CLANG_ANALYZER_NUMBER_OBJECT_CONVERSION = YES_AGGRESSIVE;
				CLANG_CXX_LANGUAGE_STANDARD = "c++17";
				CLANG_CXX_LIBRARY = "libc++";
				CLANG_ENABLE_OBJC_ARC = YES;
				CLANG_ENABLE_OBJC_WEAK = YES;
				CLANG_WARN_BLOCK_CAPTURE_AUTORELEASING = YES;
				CLANG_WARN_BOOL_CONVERSION = YES;
				CLANG_WARN_COMMA = YES;
				CLANG_WARN_CONSTANT_CONVERSION = YES;
				CLANG_WARN_DEPRECATED_OBJC_IMPLEMENTATIONS = YES;
				CLANG_WARN_DIRECT_OBJC_ISA_USAGE = YES_ERROR;
				CLANG_WARN_DOCUMENTATION_COMMENTS = YES;
				CLANG_WARN_EMPTY_BODY = YES;
				CLANG_WARN_ENUM_CONVERSION = YES;
				CLANG_WARN_INFINITE_RECURSION = YES;
				CLANG_WARN_INT_CONVERSION = YES;
				CLANG_WARN_NON_LITERAL_NULL_CONVERSION = YES;
				CLANG_WARN_OBJC_IMPLICIT_RETAIN_SELF = YES;
				CLANG_WARN_OBJC_LITERAL_CONVERSION = YES;
				CLANG_WARN_OBJC_ROOT_CLASS = YES_ERROR;
				CLANG_WARN_RANGE_LOOP_ANALYSIS = YES;
				CLANG_WARN_STRICT_PROTOTYPES = YES;
				CLANG_WARN_SUSPICIOUS_MOVE = YES;
				CLANG_WARN_UNGUARDED_AVAILABILITY = YES_AGGRESSIVE;
				CLANG_WARN_UNREACHABLE_CODE = YES;
				CLANG_WARN__DUPLICATE_METHOD_MATCH = YES;
				COPY_PHASE_STRIP = NO;
				DEBUG_INFORMATION_FORMAT = dwarf;
				ENABLE_STRICT_OBJC_MSGSEND = YES;
				ENABLE_TESTABILITY = YES;
				GCC_C_LANGUAGE_STANDARD = c11;
				GCC_DYNAMIC_NO_PIC = NO;
				GCC_NO_COMMON_BLOCKS = YES;
				GCC_OPTIMIZATION_LEVEL = 0;
				GCC_PREPROCESSOR_DEFINITIONS = (
					"DEBUG=1",
					"$(inherited)",
				);
				GCC_WARN_64_TO_32_BIT_CONVERSION = YES;
				GCC_WARN_ABOUT_RETURN_TYPE = YES_ERROR;
				GCC_WARN_UNDECLARED_SELECTOR = YES;
				GCC_WARN_UNINITIALIZED_AUTOS = YES_AGGRESSIVE;
				GCC_WARN_UNUSED_FUNCTION = YES;
				GCC_WARN_UNUSED_VARIABLE = YES;
				MACOSX_DEPLOYMENT_TARGET = 10.15;
				MTL_ENABLE_DEBUG_INFO = INCLUDE_SOURCE;
				MTL_FAST_MATH = YES;
				ONLY_ACTIVE_ARCH = YES;
				SDKROOT = macosx;
				USER_HEADER_SEARCH_PATHS = (
					../Shared,
					../../Code/Shared,
					../../Code/Lib,
				);
			};
			name = Debug;
		};
		55E1D8E4253E864F00628EF6 /* Release */ = {
			isa = XCBuildConfiguration;
			buildSettings = {
				ALWAYS_SEARCH_USER_PATHS = NO;
				CLANG_ANALYZER_NONNULL = YES;
				CLANG_ANALYZER_NUMBER_OBJECT_CONVERSION = YES_AGGRESSIVE;
				CLANG_CXX_LANGUAGE_STANDARD = "c++17";
				CLANG_CXX_LIBRARY = "libc++";
				CLANG_ENABLE_OBJC_ARC = YES;
				CLANG_ENABLE_OBJC_WEAK = YES;
				CLANG_WARN_BLOCK_CAPTURE_AUTORELEASING = YES;
				CLANG_WARN_BOOL_CONVERSION = YES;
				CLANG_WARN_COMMA = YES;
				CLANG_WARN_CONSTANT_CONVERSION = YES;
				CLANG_WARN_DEPRECATED_OBJC_IMPLEMENTATIONS = YES;
				CLANG_WARN_DIRECT_OBJC_ISA_USAGE = YES_ERROR;
				CLANG_WARN_DOCUMENTATION_COMMENTS = YES;
				CLANG_WARN_EMPTY_BODY = YES;
				CLANG_WARN_ENUM_CONVERSION = YES;
				CLANG_WARN_INFINITE_RECURSION = YES;
				CLANG_WARN_INT_CONVERSION = YES;
				CLANG_WARN_NON_LITERAL_NULL_CONVERSION = YES;
				CLANG_WARN_OBJC_IMPLICIT_RETAIN_SELF = YES;
				CLANG_WARN_OBJC_LITERAL_CONVERSION = YES;
				CLANG_WARN_OBJC_ROOT_CLASS = YES_ERROR;
				CLANG_WARN_RANGE_LOOP_ANALYSIS = YES;
				CLANG_WARN_STRICT_PROTOTYPES = YES;
				CLANG_WARN_SUSPICIOUS_MOVE = YES;
				CLANG_WARN_UNGUARDED_AVAILABILITY = YES_AGGRESSIVE;
				CLANG_WARN_UNREACHABLE_CODE = YES;
				CLANG_WARN__DUPLICATE_METHOD_MATCH = YES;
				COPY_PHASE_STRIP = NO;
				DEBUG_INFORMATION_FORMAT = "dwarf-with-dsym";
				ENABLE_NS_ASSERTIONS = NO;
				ENABLE_STRICT_OBJC_MSGSEND = YES;
				GCC_C_LANGUAGE_STANDARD = c11;
				GCC_NO_COMMON_BLOCKS = YES;
				GCC_WARN_64_TO_32_BIT_CONVERSION = YES;
				GCC_WARN_ABOUT_RETURN_TYPE = YES_ERROR;
				GCC_WARN_UNDECLARED_SELECTOR = YES;
				GCC_WARN_UNINITIALIZED_AUTOS = YES_AGGRESSIVE;
				GCC_WARN_UNUSED_FUNCTION = YES;
				GCC_WARN_UNUSED_VARIABLE = YES;
				MACOSX_DEPLOYMENT_TARGET = 10.15;
				MTL_ENABLE_DEBUG_INFO = NO;
				MTL_FAST_MATH = YES;
				SDKROOT = macosx;
				USER_HEADER_SEARCH_PATHS = (
					../Shared,
					../../Code/Shared,
					../../Code/Lib,
				);
			};
			name = Release;
		};
		55E1D8E6253E864F00628EF6 /* Debug */ = {
			isa = XCBuildConfiguration;
			buildSettings = {
				PRODUCT_NAME = "$(TARGET_NAME)";
			};
			name = Debug;
		};
		55E1D8E7253E864F00628EF6 /* Release */ = {
			isa = XCBuildConfiguration;
			buildSettings = {
				PRODUCT_NAME = "$(TARGET_NAME)";
			};
			name = Release;
		};
/* End XCBuildConfiguration section */

/* Begin XCConfigurationList section */
		55E1D8D9253E864F00628EF6 /* Build configuration list for PBXProject "MDCLoader" */ = {
			isa = XCConfigurationList;
			buildConfigurations = (
				55E1D8E3253E864F00628EF6 /* Debug */,
				55E1D8E4253E864F00628EF6 /* Release */,
			);
			defaultConfigurationIsVisible = 0;
			defaultConfigurationName = Release;
		};
		55E1D8E5253E864F00628EF6 /* Build configuration list for PBXNativeTarget "MDCLoader" */ = {
			isa = XCConfigurationList;
			buildConfigurations = (
				55E1D8E6253E864F00628EF6 /* Debug */,
				55E1D8E7253E864F00628EF6 /* Release */,
			);
			defaultConfigurationIsVisible = 0;
			defaultConfigurationName = Release;
		};
/* End XCConfigurationList section */
	};
	rootObject = 55E1D8D6253E864F00628EF6 /* Project object */;
}
