#MicroXplorer Configuration settings - do not modify
Mcu.Family=STM32F7
ProjectManager.MainLocation=Core/Src
RCC.I2SFreq_Value=96000000
REXTPHYHS.Signal=USB_OTG_HS_REXTPHYHS
ProjectManager.ProjectFileName=ThumbdriveTest.ioc
RCC.SAI1Freq_Value=96000000
ProjectManager.KeepUserCode=true
Mcu.UserName=STM32F730I8Kx
Mcu.PinsNb=6
ProjectManager.NoMain=false
RCC.PLLCLKFreq_Value=96000000
RCC.PLLQCLKFreq_Value=96000000
ProjectManager.functionlistsort=1-SystemClock_Config-RCC-false-HAL-false,0-MX_CORTEX_M7_Init-CORTEX_M7-false-HAL-true
ProjectManager.DefaultFWLocation=true
RCC.PLLI2SRCLKFreq_Value=96000000
ProjectManager.DeletePrevious=true
PB15.Signal=USB_OTG_HS_DP
USB_DEVICE.IPParameters=VirtualMode-MSC_HS,VirtualModeHS,CLASS_NAME_HS
VP_USB_DEVICE_VS_USB_DEVICE_MSC_HS.Mode=MSC_HS
PinOutPanel.RotationAngle=0
PinOutPanel.CurrentBGAView=Top
RCC.FamilyName=M
ProjectManager.StackSize=0x400
Mcu.IP4=SYS
Mcu.IP5=USB_DEVICE
NVIC.SVCall_IRQn=true\:0\:0\:false\:false\:true\:false\:false
Mcu.IP2=NVIC
Mcu.IP3=RCC
Mcu.IP0=CORTEX_M7
Mcu.IP1=FATFS
Mcu.UserConstants=
ProjectManager.TargetToolchain=STM32CubeIDE
RCC.SDMMCFreq_Value=16000000
Mcu.ThirdPartyNb=0
Mcu.IPNb=7
ProjectManager.PreviousToolchain=
VP_USB_DEVICE_VS_USB_DEVICE_MSC_HS.Signal=USB_DEVICE_VS_USB_DEVICE_MSC_HS
RCC.SAI2Freq_Value=96000000
ProjectManager.RegisterCallBack=
RCC.USBFreq_Value=96000000
RCC.VCOSAIOutputFreq_Value=192000000
RCC.PLLSAIoutputFreq_Value=96000000
RCC.LSE_VALUE=32768
Mcu.Pin0=REXTPHYHS
Mcu.Pin1=PB14
VP_FATFS_VS_Generic.Mode=User_defined
Mcu.Pin2=PB15
Mcu.Pin3=VP_FATFS_VS_Generic
Mcu.Pin4=VP_SYS_VS_Systick
RCC.VCOI2SOutputFreq_Value=192000000
Mcu.Pin5=VP_USB_DEVICE_VS_USB_DEVICE_MSC_HS
PB14.Signal=USB_OTG_HS_DM
ProjectManager.ProjectBuild=false
RCC.HSE_VALUE=25000000
NVIC.UsageFault_IRQn=true\:0\:0\:false\:false\:true\:false\:false
NVIC.DebugMonitor_IRQn=true\:0\:0\:false\:false\:true\:false\:false
RCC.PLLSAIPCLKFreq_Value=96000000
board=custom
RCC.VCOOutputFreq_Value=192000000
NVIC.SysTick_IRQn=true\:0\:0\:false\:false\:true\:false\:true
ProjectManager.LastFirmware=true
PB15.Mode=Internal_Phy_Device
ProjectManager.FirmwarePackage=STM32Cube FW_F7 V1.16.2
MxDb.Version=DB.6.0.21
ProjectManager.BackupPrevious=false
MxCube.Version=6.2.1
RCC.VCOInputFreq_Value=1000000
PB14.Mode=Internal_Phy_Device
RCC.RNGFreq_Value=96000000
File.Version=6
VP_SYS_VS_Systick.Mode=SysTick
NVIC.NonMaskableInt_IRQn=true\:0\:0\:false\:false\:true\:false\:false
NVIC.PendSV_IRQn=true\:0\:0\:false\:false\:true\:false\:false
USB_OTG_HS.IPParameters=VirtualMode
ProjectManager.FreePins=false
RCC.IPParameters=FamilyName,HSE_VALUE,HSI_VALUE,I2SFreq_Value,LSE_VALUE,LSI_VALUE,PLLCLKFreq_Value,PLLI2SQCLKFreq_Value,PLLI2SRCLKFreq_Value,PLLQCLKFreq_Value,PLLSAIPCLKFreq_Value,PLLSAIQCLKFreq_Value,PLLSAIoutputFreq_Value,PLLSourceVirtualString,RNGFreq_Value,SAI1Freq_Value,SAI2Freq_Value,SDMMC2Freq_Value,SDMMCFreq_Value,USBFreq_Value,VCOI2SOutputFreq_Value,VCOInputFreq_Value,VCOOutputFreq_Value,VCOSAIOutputFreq_Value
ProjectManager.AskForMigrate=true
Mcu.Name=STM32F730I8Kx
RCC.PLLI2SQCLKFreq_Value=96000000
ProjectManager.HalAssertFull=false
ProjectManager.ProjectName=ThumbdriveTest
ProjectManager.UnderRoot=true
Mcu.IP6=USB_OTG_HS
ProjectManager.CoupleFile=false
Mcu.Package=UFBGA176
VP_FATFS_VS_Generic.Signal=FATFS_VS_Generic
NVIC.ForceEnableDMAVector=true
KeepUserPlacement=false
USB_OTG_HS.VirtualMode=Int_Phy_Device
USB_DEVICE.VirtualMode-MSC_HS=Msc
NVIC.MemoryManagement_IRQn=true\:0\:0\:false\:false\:true\:false\:false
ProjectManager.CompilerOptimize=6
ProjectManager.ToolChainLocation=
RCC.LSI_VALUE=32000
VP_SYS_VS_Systick.Signal=SYS_VS_Systick
USB_DEVICE.CLASS_NAME_HS=MSC
ProjectManager.HeapSize=0x200
NVIC.HardFault_IRQn=true\:0\:0\:false\:false\:true\:false\:false
ProjectManager.ComputerToolchain=false
RCC.HSI_VALUE=16000000
NVIC.PriorityGroup=NVIC_PRIORITYGROUP_4
USB_DEVICE.VirtualModeHS=Msc_HS
RCC.PLLSourceVirtualString=RCC_PLLSOURCE_HSI
NVIC.BusFault_IRQn=true\:0\:0\:false\:false\:true\:false\:false
RCC.SDMMC2Freq_Value=16000000
ProjectManager.CustomerFirmwarePackage=
REXTPHYHS.Mode=Internal_Phy_Device
ProjectManager.DeviceId=STM32F730I8Kx
ProjectManager.LibraryCopy=1
RCC.PLLSAIQCLKFreq_Value=96000000
isbadioc=false
