// !$*UTF8*$!
{
	archiveVersion = 1;
	classes = {
	};
	objectVersion = 50;
	objects = {

/* Begin PBXBuildFile section */
		55671A38257E984F00C1CDA4 /* IOKit.framework in Frameworks */ = {isa = PBXBuildFile; fileRef = 55671A37257E984E00C1CDA4 /* IOKit.framework */; };
		556E460026B13CBD006681FA /* LICENSE.md in Resources */ = {isa = PBXBuildFile; fileRef = 556E45F526B13CBD006681FA /* LICENSE.md */; };
		559D8E102594205300836B47 /* Accelerate.framework in Frameworks */ = {isa = PBXBuildFile; fileRef = 559D8E0F2594205300836B47 /* Accelerate.framework */; };
		559D8E132598300700836B47 /* ApplicationServices.framework in Frameworks */ = {isa = PBXBuildFile; fileRef = 559D8E122598300700836B47 /* ApplicationServices.framework */; };
		55AC9E0328ACBF7E00D0851E /* Renderer.metal in Sources */ = {isa = PBXBuildFile; fileRef = 55AC9E0228ACBF7E00D0851E /* Renderer.metal */; };
		55B9745E24C504E2000B2633 /* AppDelegate.mm in Sources */ = {isa = PBXBuildFile; fileRef = 55B9745D24C504E2000B2633 /* AppDelegate.mm */; };
		55B9746024C504E2000B2633 /* Assets.xcassets in Resources */ = {isa = PBXBuildFile; fileRef = 55B9745F24C504E2000B2633 /* Assets.xcassets */; };
		55B9746324C504E2000B2633 /* MainMenu.xib in Resources */ = {isa = PBXBuildFile; fileRef = 55B9746124C504E2000B2633 /* MainMenu.xib */; };
		55B9746624C504E2000B2633 /* main.m in Sources */ = {isa = PBXBuildFile; fileRef = 55B9746524C504E2000B2633 /* main.m */; };
		55B9747824C50A81000B2633 /* Cocoa.framework in Frameworks */ = {isa = PBXBuildFile; fileRef = 55B9747724C50A81000B2633 /* Cocoa.framework */; };
		55B9747A24C50A86000B2633 /* Metal.framework in Frameworks */ = {isa = PBXBuildFile; fileRef = 55B9747924C50A86000B2633 /* Metal.framework */; };
		55B9747C24C50A8A000B2633 /* QuartzCore.framework in Frameworks */ = {isa = PBXBuildFile; fileRef = 55B9747B24C50A8A000B2633 /* QuartzCore.framework */; };
		55E43FD428C0104D00FCCEA0 /* Defringe.mm in Sources */ = {isa = PBXBuildFile; fileRef = 55E43FBD28C0104D00FCCEA0 /* Defringe.mm */; };
		55E43FD528C0104D00FCCEA0 /* LocalContrast.metal in Sources */ = {isa = PBXBuildFile; fileRef = 55E43FBE28C0104D00FCCEA0 /* LocalContrast.metal */; };
		55E43FD628C0104D00FCCEA0 /* Saturation.metal in Sources */ = {isa = PBXBuildFile; fileRef = 55E43FC128C0104D00FCCEA0 /* Saturation.metal */; };
		55E43FD728C0104D00FCCEA0 /* FFCC.metal in Sources */ = {isa = PBXBuildFile; fileRef = 55E43FC228C0104D00FCCEA0 /* FFCC.metal */; };
		55E43FD828C0104D00FCCEA0 /* Defringe.metal in Sources */ = {isa = PBXBuildFile; fileRef = 55E43FC428C0104D00FCCEA0 /* Defringe.metal */; };
		55E43FD928C0104D00FCCEA0 /* ImagePipeline.mm in Sources */ = {isa = PBXBuildFile; fileRef = 55E43FC528C0104D00FCCEA0 /* ImagePipeline.mm */; };
		55E43FDA28C0104D00FCCEA0 /* DebayerLMMSE.metal in Sources */ = {isa = PBXBuildFile; fileRef = 55E43FC628C0104D00FCCEA0 /* DebayerLMMSE.metal */; };
		55E43FDB28C0104D00FCCEA0 /* ReconstructHighlights.metal in Sources */ = {isa = PBXBuildFile; fileRef = 55E43FC928C0104D00FCCEA0 /* ReconstructHighlights.metal */; };
		55E43FDC28C0104D00FCCEA0 /* ImagePipeline.metal in Sources */ = {isa = PBXBuildFile; fileRef = 55E43FCA28C0104D00FCCEA0 /* ImagePipeline.metal */; };
		55E43FDD28C0104D00FCCEA0 /* EstimateIlluminant.mm in Sources */ = {isa = PBXBuildFile; fileRef = 55E43FCB28C0104D00FCCEA0 /* EstimateIlluminant.mm */; };
		55E43FDF28C0104D00FCCEA0 /* DebayerBilinear.metal in Sources */ = {isa = PBXBuildFile; fileRef = 55E43FD028C0104D00FCCEA0 /* DebayerBilinear.metal */; };
		55E43FE028C0104D00FCCEA0 /* RenderThumb.metal in Sources */ = {isa = PBXBuildFile; fileRef = 55E43FD128C0104D00FCCEA0 /* RenderThumb.metal */; };
		55E43FE128C0104D00FCCEA0 /* FFCC.mm in Sources */ = {isa = PBXBuildFile; fileRef = 55E43FD328C0104D00FCCEA0 /* FFCC.mm */; };
		55E4401928C0574F00FCCEA0 /* DownsampleDiscardRaw.metal in Sources */ = {isa = PBXBuildFile; fileRef = 55E4401828C0574F00FCCEA0 /* DownsampleDiscardRaw.metal */; };
		55E98EB625A920030062B458 /* MainView.mm in Sources */ = {isa = PBXBuildFile; fileRef = 55E98EB425A920030062B458 /* MainView.mm */; };
		55E98ED425BFBA800062B458 /* MetalPerformanceShaders.framework in Frameworks */ = {isa = PBXBuildFile; fileRef = 55E98ED325BFBA800062B458 /* MetalPerformanceShaders.framework */; };
		55EBCC8C258966FE0089A441 /* BaseView.mm in Sources */ = {isa = PBXBuildFile; fileRef = 55EBCC87258966FE0089A441 /* BaseView.mm */; };
		55EBCC8D258966FE0089A441 /* ImageLayer.mm in Sources */ = {isa = PBXBuildFile; fileRef = 55EBCC88258966FE0089A441 /* ImageLayer.mm */; };
/* End PBXBuildFile section */

/* Begin PBXFileReference section */
		552E7D5A24C9316900438AAF /* CFAViewer.entitlements */ = {isa = PBXFileReference; lastKnownFileType = text.plist.entitlements; path = CFAViewer.entitlements; sourceTree = "<group>"; };
		552F4BCB29B1BE82000CEAB2 /* ThreePartView.h */ = {isa = PBXFileReference; lastKnownFileType = sourcecode.c.h; path = ThreePartView.h; sourceTree = "<group>"; };
		552F4BCC29B1BE82000CEAB2 /* Util.h */ = {isa = PBXFileReference; lastKnownFileType = sourcecode.c.h; path = Util.h; sourceTree = "<group>"; };
		552F4BCD29B1BE82000CEAB2 /* ThreePartView.mm */ = {isa = PBXFileReference; lastKnownFileType = sourcecode.cpp.objcpp; path = ThreePartView.mm; sourceTree = "<group>"; };
		55671A30257E94BD00C1CDA4 /* ELF32Binary.h */ = {isa = PBXFileReference; fileEncoding = 4; lastKnownFileType = sourcecode.c.h; path = ELF32Binary.h; sourceTree = "<group>"; };
		55671A37257E984E00C1CDA4 /* IOKit.framework */ = {isa = PBXFileReference; lastKnownFileType = wrapper.framework; name = IOKit.framework; path = System/Library/Frameworks/IOKit.framework; sourceTree = SDKROOT; };
		556E45F526B13CBD006681FA /* LICENSE.md */ = {isa = PBXFileReference; fileEncoding = 4; lastKnownFileType = net.daringfireball.markdown; path = LICENSE.md; sourceTree = "<group>"; };
		556E45F626B13CBD006681FA /* Enum.h */ = {isa = PBXFileReference; fileEncoding = 4; lastKnownFileType = sourcecode.c.h; path = Enum.h; sourceTree = "<group>"; };
		556E45F726B13CBD006681FA /* Endian.h */ = {isa = PBXFileReference; fileEncoding = 4; lastKnownFileType = sourcecode.c.h; path = Endian.h; sourceTree = "<group>"; };
		556E45F826B13CBD006681FA /* RuntimeError.h */ = {isa = PBXFileReference; fileEncoding = 4; lastKnownFileType = sourcecode.c.h; path = RuntimeError.h; sourceTree = "<group>"; };
		556E45F926B13CBD006681FA /* USB.h */ = {isa = PBXFileReference; fileEncoding = 4; lastKnownFileType = sourcecode.c.h; path = USB.h; sourceTree = "<group>"; };
		556E45FA26B13CBD006681FA /* Defer.h */ = {isa = PBXFileReference; fileEncoding = 4; lastKnownFileType = sourcecode.c.h; path = Defer.h; sourceTree = "<group>"; };
		556E45FB26B13CBD006681FA /* HashInts.h */ = {isa = PBXFileReference; fileEncoding = 4; lastKnownFileType = sourcecode.c.h; path = HashInts.h; sourceTree = "<group>"; };
		556E45FC26B13CBD006681FA /* RefCounted.h */ = {isa = PBXFileReference; fileEncoding = 4; lastKnownFileType = sourcecode.c.h; path = RefCounted.h; sourceTree = "<group>"; };
		556E45FD26B13CBD006681FA /* USBDevice.h */ = {isa = PBXFileReference; fileEncoding = 4; lastKnownFileType = sourcecode.c.h; path = USBDevice.h; sourceTree = "<group>"; };
		556E45FE26B13CBD006681FA /* RingBuffer.h */ = {isa = PBXFileReference; fileEncoding = 4; lastKnownFileType = sourcecode.c.h; path = RingBuffer.h; sourceTree = "<group>"; };
		556E45FF26B13CBD006681FA /* SendRight.h */ = {isa = PBXFileReference; fileEncoding = 4; lastKnownFileType = sourcecode.c.h; path = SendRight.h; sourceTree = "<group>"; };
		556E460126B1562F006681FA /* Uniqued.h */ = {isa = PBXFileReference; lastKnownFileType = sourcecode.c.h; path = Uniqued.h; sourceTree = "<group>"; };
		5588910D2736258A0004458F /* ImgAutoExposure.h */ = {isa = PBXFileReference; lastKnownFileType = sourcecode.c.h; path = ImgAutoExposure.h; sourceTree = "<group>"; };
		558FFC5929C907180022E840 /* ColorMatrix.h */ = {isa = PBXFileReference; lastKnownFileType = sourcecode.c.h; name = ColorMatrix.h; path = ../MDCStudio/Source/ColorMatrix.h; sourceTree = "<group>"; };
		559C33E826165B4C001903FD /* Color.h */ = {isa = PBXFileReference; lastKnownFileType = sourcecode.c.h; path = Color.h; sourceTree = "<group>"; };
		559D8E0E2593EAB200836B47 /* Util.h */ = {isa = PBXFileReference; lastKnownFileType = sourcecode.c.h; path = Util.h; sourceTree = "<group>"; };
		559D8E0F2594205300836B47 /* Accelerate.framework */ = {isa = PBXFileReference; lastKnownFileType = wrapper.framework; name = Accelerate.framework; path = System/Library/Frameworks/Accelerate.framework; sourceTree = SDKROOT; };
		559D8E1125954F7E00836B47 /* Mat.h */ = {isa = PBXFileReference; lastKnownFileType = sourcecode.c.h; path = Mat.h; sourceTree = "<group>"; };
		559D8E122598300700836B47 /* ApplicationServices.framework */ = {isa = PBXFileReference; lastKnownFileType = wrapper.framework; name = ApplicationServices.framework; path = System/Library/Frameworks/ApplicationServices.framework; sourceTree = SDKROOT; };
		55AC9DDB28ACAEEF00D0851E /* MetalUtil.h */ = {isa = PBXFileReference; lastKnownFileType = sourcecode.c.h; path = MetalUtil.h; sourceTree = "<group>"; };
		55AC9E0128ACBF7E00D0851E /* Renderer.h */ = {isa = PBXFileReference; fileEncoding = 4; lastKnownFileType = sourcecode.c.h; path = Renderer.h; sourceTree = "<group>"; };
		55AC9E0228ACBF7E00D0851E /* Renderer.metal */ = {isa = PBXFileReference; fileEncoding = 4; lastKnownFileType = sourcecode.metal; path = Renderer.metal; sourceTree = "<group>"; };
		55AE80C1262E7BBC00BA227C /* Mod.h */ = {isa = PBXFileReference; lastKnownFileType = sourcecode.c.h; path = Mod.h; sourceTree = "<group>"; };
		55AE80CB262F5B3100BA227C /* ImagePipelineManager.h */ = {isa = PBXFileReference; fileEncoding = 4; lastKnownFileType = sourcecode.c.h; path = ImagePipelineManager.h; sourceTree = "<group>"; };
		55AE80CC262F5B3100BA227C /* ImagePipelineManager.mm */ = {isa = PBXFileReference; fileEncoding = 4; lastKnownFileType = sourcecode.cpp.objcpp; path = ImagePipelineManager.mm; sourceTree = "<group>"; };
		55AE80D92630C98100BA227C /* PixelSampler.h */ = {isa = PBXFileReference; lastKnownFileType = sourcecode.c.h; path = PixelSampler.h; sourceTree = "<group>"; };
		55B66B4327168D5D00AD39A5 /* Img.h */ = {isa = PBXFileReference; lastKnownFileType = sourcecode.c.h; path = Img.h; sourceTree = "<group>"; };
		55B66B482717696B00AD39A5 /* STM.h */ = {isa = PBXFileReference; lastKnownFileType = sourcecode.c.h; path = STM.h; sourceTree = "<group>"; };
		55B9745924C504E2000B2633 /* CFAViewer.app */ = {isa = PBXFileReference; explicitFileType = wrapper.application; includeInIndex = 0; path = CFAViewer.app; sourceTree = BUILT_PRODUCTS_DIR; };
		55B9745D24C504E2000B2633 /* AppDelegate.mm */ = {isa = PBXFileReference; lastKnownFileType = sourcecode.cpp.objcpp; path = AppDelegate.mm; sourceTree = "<group>"; };
		55B9745F24C504E2000B2633 /* Assets.xcassets */ = {isa = PBXFileReference; lastKnownFileType = folder.assetcatalog; path = Assets.xcassets; sourceTree = "<group>"; };
		55B9746224C504E2000B2633 /* Base */ = {isa = PBXFileReference; lastKnownFileType = file.xib; name = Base; path = Base.lproj/MainMenu.xib; sourceTree = "<group>"; };
		55B9746424C504E2000B2633 /* Info.plist */ = {isa = PBXFileReference; lastKnownFileType = text.plist.xml; path = Info.plist; sourceTree = "<group>"; };
		55B9746524C504E2000B2633 /* main.m */ = {isa = PBXFileReference; lastKnownFileType = sourcecode.c.objc; path = main.m; sourceTree = "<group>"; };
		55B9747724C50A81000B2633 /* Cocoa.framework */ = {isa = PBXFileReference; lastKnownFileType = wrapper.framework; name = Cocoa.framework; path = System/Library/Frameworks/Cocoa.framework; sourceTree = SDKROOT; };
		55B9747924C50A86000B2633 /* Metal.framework */ = {isa = PBXFileReference; lastKnownFileType = wrapper.framework; name = Metal.framework; path = System/Library/Frameworks/Metal.framework; sourceTree = SDKROOT; };
		55B9747B24C50A8A000B2633 /* QuartzCore.framework */ = {isa = PBXFileReference; lastKnownFileType = wrapper.framework; name = QuartzCore.framework; path = System/Library/Frameworks/QuartzCore.framework; sourceTree = SDKROOT; };
		55BB93AE2A1226420044C87B /* TimeString.h */ = {isa = PBXFileReference; lastKnownFileType = sourcecode.c.h; path = TimeString.h; sourceTree = "<group>"; };
		55BB93AF2A12266C0044C87B /* Clock.h */ = {isa = PBXFileReference; lastKnownFileType = sourcecode.c.h; path = Clock.h; sourceTree = "<group>"; };
		55BB93B02A1226830044C87B /* TimeAdjustment.h */ = {isa = PBXFileReference; lastKnownFileType = sourcecode.c.h; path = TimeAdjustment.h; sourceTree = "<group>"; };
		55BB94392A1226CB0044C87B /* tz_private.h */ = {isa = PBXFileReference; lastKnownFileType = sourcecode.c.h; path = tz_private.h; sourceTree = "<group>"; };
		55BB943A2A1226CB0044C87B /* ios.h */ = {isa = PBXFileReference; lastKnownFileType = sourcecode.c.h; path = ios.h; sourceTree = "<group>"; };
		55BB943B2A1226CB0044C87B /* ptz.h */ = {isa = PBXFileReference; lastKnownFileType = sourcecode.c.h; path = ptz.h; sourceTree = "<group>"; };
		55BB943C2A1226CB0044C87B /* solar_hijri.h */ = {isa = PBXFileReference; lastKnownFileType = sourcecode.c.h; path = solar_hijri.h; sourceTree = "<group>"; };
		55BB943D2A1226CB0044C87B /* date.h */ = {isa = PBXFileReference; lastKnownFileType = sourcecode.c.h; path = date.h; sourceTree = "<group>"; };
		55BB943E2A1226CB0044C87B /* julian.h */ = {isa = PBXFileReference; lastKnownFileType = sourcecode.c.h; path = julian.h; sourceTree = "<group>"; };
		55BB943F2A1226CB0044C87B /* chrono_io.h */ = {isa = PBXFileReference; lastKnownFileType = sourcecode.c.h; path = chrono_io.h; sourceTree = "<group>"; };
		55BB94402A1226CB0044C87B /* iso_week.h */ = {isa = PBXFileReference; lastKnownFileType = sourcecode.c.h; path = iso_week.h; sourceTree = "<group>"; };
		55BB94412A1226CB0044C87B /* tz.h */ = {isa = PBXFileReference; lastKnownFileType = sourcecode.c.h; path = tz.h; sourceTree = "<group>"; };
		55BB94422A1226CB0044C87B /* islamic.h */ = {isa = PBXFileReference; lastKnownFileType = sourcecode.c.h; path = islamic.h; sourceTree = "<group>"; };
		55BB944A2A1226CB0044C87B /* tz.cpp */ = {isa = PBXFileReference; lastKnownFileType = sourcecode.cpp.cpp; path = tz.cpp; sourceTree = "<group>"; };
		55BB944B2A1226CB0044C87B /* ios.mm */ = {isa = PBXFileReference; lastKnownFileType = sourcecode.cpp.objcpp; path = ios.mm; sourceTree = "<group>"; };
		55D0820F27092A8200B9BB97 /* Assert.h */ = {isa = PBXFileReference; fileEncoding = 4; lastKnownFileType = sourcecode.c.h; path = Assert.h; sourceTree = "<group>"; };
		55D08211270BACA600B9BB97 /* ChecksumFletcher32.h */ = {isa = PBXFileReference; lastKnownFileType = sourcecode.c.h; path = ChecksumFletcher32.h; sourceTree = "<group>"; };
		55DE385B25F83EFB00AD2223 /* Poly2D.h */ = {isa = PBXFileReference; lastKnownFileType = sourcecode.c.h; path = Poly2D.h; sourceTree = "<group>"; };
		55E43FBC28C0104D00FCCEA0 /* ImagePipeline.h */ = {isa = PBXFileReference; fileEncoding = 4; lastKnownFileType = sourcecode.c.h; path = ImagePipeline.h; sourceTree = "<group>"; };
		55E43FBD28C0104D00FCCEA0 /* Defringe.mm */ = {isa = PBXFileReference; fileEncoding = 4; lastKnownFileType = sourcecode.cpp.objcpp; path = Defringe.mm; sourceTree = "<group>"; };
		55E43FBE28C0104D00FCCEA0 /* LocalContrast.metal */ = {isa = PBXFileReference; fileEncoding = 4; lastKnownFileType = sourcecode.metal; path = LocalContrast.metal; sourceTree = "<group>"; };
		55E43FBF28C0104D00FCCEA0 /* EstimateIlluminant.h */ = {isa = PBXFileReference; fileEncoding = 4; lastKnownFileType = sourcecode.c.h; path = EstimateIlluminant.h; sourceTree = "<group>"; };
		55E43FC028C0104D00FCCEA0 /* LocalContrast.h */ = {isa = PBXFileReference; fileEncoding = 4; lastKnownFileType = sourcecode.c.h; path = LocalContrast.h; sourceTree = "<group>"; };
		55E43FC128C0104D00FCCEA0 /* Saturation.metal */ = {isa = PBXFileReference; fileEncoding = 4; lastKnownFileType = sourcecode.metal; path = Saturation.metal; sourceTree = "<group>"; };
		55E43FC228C0104D00FCCEA0 /* FFCC.metal */ = {isa = PBXFileReference; fileEncoding = 4; lastKnownFileType = sourcecode.metal; path = FFCC.metal; sourceTree = "<group>"; };
		55E43FC328C0104D00FCCEA0 /* FFCC.h */ = {isa = PBXFileReference; fileEncoding = 4; lastKnownFileType = sourcecode.c.h; path = FFCC.h; sourceTree = "<group>"; };
		55E43FC428C0104D00FCCEA0 /* Defringe.metal */ = {isa = PBXFileReference; fileEncoding = 4; lastKnownFileType = sourcecode.metal; path = Defringe.metal; sourceTree = "<group>"; };
		55E43FC528C0104D00FCCEA0 /* ImagePipeline.mm */ = {isa = PBXFileReference; fileEncoding = 4; lastKnownFileType = sourcecode.cpp.objcpp; path = ImagePipeline.mm; sourceTree = "<group>"; };
		55E43FC628C0104D00FCCEA0 /* DebayerLMMSE.metal */ = {isa = PBXFileReference; fileEncoding = 4; lastKnownFileType = sourcecode.metal; path = DebayerLMMSE.metal; sourceTree = "<group>"; };
		55E43FC728C0104D00FCCEA0 /* ImagePipelineTypes.h */ = {isa = PBXFileReference; fileEncoding = 4; lastKnownFileType = sourcecode.c.h; path = ImagePipelineTypes.h; sourceTree = "<group>"; };
		55E43FC828C0104D00FCCEA0 /* DebayerLMMSE.h */ = {isa = PBXFileReference; fileEncoding = 4; lastKnownFileType = sourcecode.c.h; path = DebayerLMMSE.h; sourceTree = "<group>"; };
		55E43FC928C0104D00FCCEA0 /* ReconstructHighlights.metal */ = {isa = PBXFileReference; fileEncoding = 4; lastKnownFileType = sourcecode.metal; path = ReconstructHighlights.metal; sourceTree = "<group>"; };
		55E43FCA28C0104D00FCCEA0 /* ImagePipeline.metal */ = {isa = PBXFileReference; fileEncoding = 4; lastKnownFileType = sourcecode.metal; path = ImagePipeline.metal; sourceTree = "<group>"; };
		55E43FCB28C0104D00FCCEA0 /* EstimateIlluminant.mm */ = {isa = PBXFileReference; fileEncoding = 4; lastKnownFileType = sourcecode.cpp.objcpp; path = EstimateIlluminant.mm; sourceTree = "<group>"; };
		55E43FCD28C0104D00FCCEA0 /* RenderThumb.h */ = {isa = PBXFileReference; fileEncoding = 4; lastKnownFileType = sourcecode.c.h; path = RenderThumb.h; sourceTree = "<group>"; };
		55E43FCE28C0104D00FCCEA0 /* Defringe.h */ = {isa = PBXFileReference; fileEncoding = 4; lastKnownFileType = sourcecode.c.h; path = Defringe.h; sourceTree = "<group>"; };
		55E43FCF28C0104D00FCCEA0 /* ReconstructHighlights.h */ = {isa = PBXFileReference; fileEncoding = 4; lastKnownFileType = sourcecode.c.h; path = ReconstructHighlights.h; sourceTree = "<group>"; };
		55E43FD028C0104D00FCCEA0 /* DebayerBilinear.metal */ = {isa = PBXFileReference; fileEncoding = 4; lastKnownFileType = sourcecode.metal; path = DebayerBilinear.metal; sourceTree = "<group>"; };
		55E43FD128C0104D00FCCEA0 /* RenderThumb.metal */ = {isa = PBXFileReference; fileEncoding = 4; lastKnownFileType = sourcecode.metal; path = RenderThumb.metal; sourceTree = "<group>"; };
		55E43FD228C0104D00FCCEA0 /* Saturation.h */ = {isa = PBXFileReference; fileEncoding = 4; lastKnownFileType = sourcecode.c.h; path = Saturation.h; sourceTree = "<group>"; };
		55E43FD328C0104D00FCCEA0 /* FFCC.mm */ = {isa = PBXFileReference; fileEncoding = 4; lastKnownFileType = sourcecode.cpp.objcpp; path = FFCC.mm; sourceTree = "<group>"; };
		55E4401828C0574F00FCCEA0 /* DownsampleDiscardRaw.metal */ = {isa = PBXFileReference; fileEncoding = 4; lastKnownFileType = sourcecode.metal; path = DownsampleDiscardRaw.metal; sourceTree = "<group>"; };
		55E98EB425A920030062B458 /* MainView.mm */ = {isa = PBXFileReference; fileEncoding = 4; lastKnownFileType = sourcecode.cpp.objcpp; path = MainView.mm; sourceTree = "<group>"; };
		55E98EB525A920030062B458 /* MainView.h */ = {isa = PBXFileReference; fileEncoding = 4; lastKnownFileType = sourcecode.c.h; path = MainView.h; sourceTree = "<group>"; };
		55E98EB725A920880062B458 /* HistogramView.mm */ = {isa = PBXFileReference; fileEncoding = 4; lastKnownFileType = sourcecode.cpp.objcpp; path = HistogramView.mm; sourceTree = "<group>"; };
		55E98EB825A920880062B458 /* HistogramView.h */ = {isa = PBXFileReference; fileEncoding = 4; lastKnownFileType = sourcecode.c.h; path = HistogramView.h; sourceTree = "<group>"; };
		55E98EBB25A921D80062B458 /* ColorChecker.h */ = {isa = PBXFileReference; fileEncoding = 4; lastKnownFileType = sourcecode.c.h; path = ColorChecker.h; sourceTree = "<group>"; };
		55E98EBE25A930780062B458 /* IOServiceMatcher.h */ = {isa = PBXFileReference; lastKnownFileType = sourcecode.c.h; path = IOServiceMatcher.h; sourceTree = "<group>"; };
		55E98ED225A9577A0062B458 /* IOServiceWatcher.h */ = {isa = PBXFileReference; lastKnownFileType = sourcecode.c.h; path = IOServiceWatcher.h; sourceTree = "<group>"; };
		55E98ED325BFBA800062B458 /* MetalPerformanceShaders.framework */ = {isa = PBXFileReference; lastKnownFileType = wrapper.framework; name = MetalPerformanceShaders.framework; path = System/Library/Frameworks/MetalPerformanceShaders.framework; sourceTree = SDKROOT; };
		55EBCC86258966FE0089A441 /* ImageLayer.h */ = {isa = PBXFileReference; fileEncoding = 4; lastKnownFileType = sourcecode.c.h; path = ImageLayer.h; sourceTree = "<group>"; };
		55EBCC87258966FE0089A441 /* BaseView.mm */ = {isa = PBXFileReference; fileEncoding = 4; lastKnownFileType = sourcecode.cpp.objcpp; path = BaseView.mm; sourceTree = "<group>"; };
		55EBCC88258966FE0089A441 /* ImageLayer.mm */ = {isa = PBXFileReference; fileEncoding = 4; lastKnownFileType = sourcecode.cpp.objcpp; path = ImageLayer.mm; sourceTree = "<group>"; };
		55EBCC8B258966FE0089A441 /* BaseView.h */ = {isa = PBXFileReference; fileEncoding = 4; lastKnownFileType = sourcecode.c.h; path = BaseView.h; sourceTree = "<group>"; };
		55EBCC8F25896F160089A441 /* Assert.h */ = {isa = PBXFileReference; lastKnownFileType = sourcecode.c.h; path = Assert.h; sourceTree = "<group>"; };
		55EBCC902589C3570089A441 /* HistogramLayer.mm */ = {isa = PBXFileReference; fileEncoding = 4; lastKnownFileType = sourcecode.cpp.objcpp; path = HistogramLayer.mm; sourceTree = "<group>"; };
		55EBCC912589C3570089A441 /* HistogramLayer.h */ = {isa = PBXFileReference; fileEncoding = 4; lastKnownFileType = sourcecode.c.h; path = HistogramLayer.h; sourceTree = "<group>"; };
		55EBCC932589C3960089A441 /* HistogramLayerShader.metal */ = {isa = PBXFileReference; fileEncoding = 4; lastKnownFileType = sourcecode.metal; path = HistogramLayerShader.metal; sourceTree = "<group>"; };
		55EBCC9C2589E61F0089A441 /* HistogramLayerTypes.h */ = {isa = PBXFileReference; lastKnownFileType = sourcecode.c.h; path = HistogramLayerTypes.h; sourceTree = "<group>"; };
		55EBFD2528C57FDD00B3D1B5 /* MDCUSBDevice.h */ = {isa = PBXFileReference; lastKnownFileType = sourcecode.c.h; path = MDCUSBDevice.h; sourceTree = "<group>"; };
/* End PBXFileReference section */

/* Begin PBXFrameworksBuildPhase section */
		55B9745624C504E2000B2633 /* Frameworks */ = {
			isa = PBXFrameworksBuildPhase;
			buildActionMask = 2147483647;
			files = (
				55E98ED425BFBA800062B458 /* MetalPerformanceShaders.framework in Frameworks */,
				559D8E132598300700836B47 /* ApplicationServices.framework in Frameworks */,
				559D8E102594205300836B47 /* Accelerate.framework in Frameworks */,
				55B9747824C50A81000B2633 /* Cocoa.framework in Frameworks */,
				55B9747A24C50A86000B2633 /* Metal.framework in Frameworks */,
				55B9747C24C50A8A000B2633 /* QuartzCore.framework in Frameworks */,
				55671A38257E984F00C1CDA4 /* IOKit.framework in Frameworks */,
			);
			runOnlyForDeploymentPostprocessing = 0;
		};
/* End PBXFrameworksBuildPhase section */

/* Begin PBXGroup section */
		552F4BCA29B1BE82000CEAB2 /* Mac */ = {
			isa = PBXGroup;
			children = (
				552F4BCB29B1BE82000CEAB2 /* ThreePartView.h */,
				552F4BCC29B1BE82000CEAB2 /* Util.h */,
				552F4BCD29B1BE82000CEAB2 /* ThreePartView.mm */,
			);
			path = Mac;
			sourceTree = "<group>";
		};
		55671A29257E94BD00C1CDA4 /* Shared */ = {
			isa = PBXGroup;
			children = (
				55E43FBB28C0104D00FCCEA0 /* ImagePipeline */,
				55AC9DDB28ACAEEF00D0851E /* MetalUtil.h */,
				559D8E1125954F7E00836B47 /* Mat.h */,
				559C33E826165B4C001903FD /* Color.h */,
				55EBCC8F25896F160089A441 /* Assert.h */,
				55671A30257E94BD00C1CDA4 /* ELF32Binary.h */,
				55AE80C1262E7BBC00BA227C /* Mod.h */,
				55E98EBE25A930780062B458 /* IOServiceMatcher.h */,
				55E98ED225A9577A0062B458 /* IOServiceWatcher.h */,
				55DE385B25F83EFB00AD2223 /* Poly2D.h */,
				55AE80D92630C98100BA227C /* PixelSampler.h */,
				55AC9E0128ACBF7E00D0851E /* Renderer.h */,
				55AC9E0228ACBF7E00D0851E /* Renderer.metal */,
				55EBFD2528C57FDD00B3D1B5 /* MDCUSBDevice.h */,
			);
			name = Shared;
			path = ../Shared;
			sourceTree = "<group>";
		};
		556E45F326B13CBD006681FA /* Lib */ = {
			isa = PBXGroup;
			children = (
				55BB93B12A1226CA0044C87B /* date */,
				556E45F426B13CBD006681FA /* Toastbox */,
			);
			name = Lib;
			path = ../../Code/Lib;
			sourceTree = "<group>";
		};
		556E45F426B13CBD006681FA /* Toastbox */ = {
			isa = PBXGroup;
			children = (
				556E45F526B13CBD006681FA /* LICENSE.md */,
				556E45F626B13CBD006681FA /* Enum.h */,
				556E45F726B13CBD006681FA /* Endian.h */,
				556E45F826B13CBD006681FA /* RuntimeError.h */,
				556E45F926B13CBD006681FA /* USB.h */,
				556E45FA26B13CBD006681FA /* Defer.h */,
				556E45FB26B13CBD006681FA /* HashInts.h */,
				556E45FC26B13CBD006681FA /* RefCounted.h */,
				556E460126B1562F006681FA /* Uniqued.h */,
				556E45FD26B13CBD006681FA /* USBDevice.h */,
				556E45FE26B13CBD006681FA /* RingBuffer.h */,
				556E45FF26B13CBD006681FA /* SendRight.h */,
				552F4BCA29B1BE82000CEAB2 /* Mac */,
			);
			path = Toastbox;
			sourceTree = "<group>";
		};
		55B9745024C504E2000B2633 = {
			isa = PBXGroup;
			children = (
				556E45F326B13CBD006681FA /* Lib */,
				55671A29257E94BD00C1CDA4 /* Shared */,
				55D0820C27092A8200B9BB97 /* Shared */,
				552E7D5A24C9316900438AAF /* CFAViewer.entitlements */,
				559D8E0E2593EAB200836B47 /* Util.h */,
				55E98EBB25A921D80062B458 /* ColorChecker.h */,
				558FFC5929C907180022E840 /* ColorMatrix.h */,
				55B9745D24C504E2000B2633 /* AppDelegate.mm */,
				55E98EB525A920030062B458 /* MainView.h */,
				55E98EB425A920030062B458 /* MainView.mm */,
				55EBCC86258966FE0089A441 /* ImageLayer.h */,
				55EBCC88258966FE0089A441 /* ImageLayer.mm */,
				55AE80CB262F5B3100BA227C /* ImagePipelineManager.h */,
				55AE80CC262F5B3100BA227C /* ImagePipelineManager.mm */,
				55EBCC9C2589E61F0089A441 /* HistogramLayerTypes.h */,
				55E98EB825A920880062B458 /* HistogramView.h */,
				55E98EB725A920880062B458 /* HistogramView.mm */,
				55EBCC912589C3570089A441 /* HistogramLayer.h */,
				55EBCC902589C3570089A441 /* HistogramLayer.mm */,
				55EBCC932589C3960089A441 /* HistogramLayerShader.metal */,
				55EBCC8B258966FE0089A441 /* BaseView.h */,
				55EBCC87258966FE0089A441 /* BaseView.mm */,
				55B9746424C504E2000B2633 /* Info.plist */,
				55B9746524C504E2000B2633 /* main.m */,
				55B9745F24C504E2000B2633 /* Assets.xcassets */,
				55B9746124C504E2000B2633 /* MainMenu.xib */,
				55B9747624C50A81000B2633 /* Frameworks */,
				55B9745A24C504E2000B2633 /* Products */,
			);
			sourceTree = "<group>";
		};
		55B9745A24C504E2000B2633 /* Products */ = {
			isa = PBXGroup;
			children = (
				55B9745924C504E2000B2633 /* CFAViewer.app */,
			);
			name = Products;
			sourceTree = "<group>";
		};
		55B9747624C50A81000B2633 /* Frameworks */ = {
			isa = PBXGroup;
			children = (
				55E98ED325BFBA800062B458 /* MetalPerformanceShaders.framework */,
				559D8E122598300700836B47 /* ApplicationServices.framework */,
				559D8E0F2594205300836B47 /* Accelerate.framework */,
				55671A37257E984E00C1CDA4 /* IOKit.framework */,
				55B9747B24C50A8A000B2633 /* QuartzCore.framework */,
				55B9747924C50A86000B2633 /* Metal.framework */,
				55B9747724C50A81000B2633 /* Cocoa.framework */,
			);
			name = Frameworks;
			sourceTree = "<group>";
		};
		55BB93B12A1226CA0044C87B /* date */ = {
			isa = PBXGroup;
			children = (
				55BB94372A1226CB0044C87B /* include */,
				55BB94492A1226CB0044C87B /* src */,
			);
			path = date;
			sourceTree = "<group>";
		};
		55BB94372A1226CB0044C87B /* include */ = {
			isa = PBXGroup;
			children = (
				55BB94382A1226CB0044C87B /* date */,
			);
			path = include;
			sourceTree = "<group>";
		};
		55BB94382A1226CB0044C87B /* date */ = {
			isa = PBXGroup;
			children = (
				55BB94392A1226CB0044C87B /* tz_private.h */,
				55BB943A2A1226CB0044C87B /* ios.h */,
				55BB943B2A1226CB0044C87B /* ptz.h */,
				55BB943C2A1226CB0044C87B /* solar_hijri.h */,
				55BB943D2A1226CB0044C87B /* date.h */,
				55BB943E2A1226CB0044C87B /* julian.h */,
				55BB943F2A1226CB0044C87B /* chrono_io.h */,
				55BB94402A1226CB0044C87B /* iso_week.h */,
				55BB94412A1226CB0044C87B /* tz.h */,
				55BB94422A1226CB0044C87B /* islamic.h */,
			);
			path = date;
			sourceTree = "<group>";
		};
		55BB94492A1226CB0044C87B /* src */ = {
			isa = PBXGroup;
			children = (
				55BB944A2A1226CB0044C87B /* tz.cpp */,
				55BB944B2A1226CB0044C87B /* ios.mm */,
			);
			path = src;
			sourceTree = "<group>";
		};
		55D0820C27092A8200B9BB97 /* Shared */ = {
			isa = PBXGroup;
			children = (
				55D0820F27092A8200B9BB97 /* Assert.h */,
				55D08211270BACA600B9BB97 /* ChecksumFletcher32.h */,
				55B66B4327168D5D00AD39A5 /* Img.h */,
				5588910D2736258A0004458F /* ImgAutoExposure.h */,
				55B66B482717696B00AD39A5 /* STM.h */,
				55BB93AE2A1226420044C87B /* TimeString.h */,
				55BB93AF2A12266C0044C87B /* Clock.h */,
				55BB93B02A1226830044C87B /* TimeAdjustment.h */,
			);
			name = Shared;
			path = ../../Code/Shared;
			sourceTree = "<group>";
		};
		55E43FBB28C0104D00FCCEA0 /* ImagePipeline */ = {
			isa = PBXGroup;
			children = (
				55E43FD028C0104D00FCCEA0 /* DebayerBilinear.metal */,
				55E43FC828C0104D00FCCEA0 /* DebayerLMMSE.h */,
				55E43FC628C0104D00FCCEA0 /* DebayerLMMSE.metal */,
				55E43FCE28C0104D00FCCEA0 /* Defringe.h */,
				55E43FC428C0104D00FCCEA0 /* Defringe.metal */,
				55E43FBD28C0104D00FCCEA0 /* Defringe.mm */,
				55E4401828C0574F00FCCEA0 /* DownsampleDiscardRaw.metal */,
				55E43FBF28C0104D00FCCEA0 /* EstimateIlluminant.h */,
				55E43FCB28C0104D00FCCEA0 /* EstimateIlluminant.mm */,
				55E43FC328C0104D00FCCEA0 /* FFCC.h */,
				55E43FC228C0104D00FCCEA0 /* FFCC.metal */,
				55E43FD328C0104D00FCCEA0 /* FFCC.mm */,
				55E43FBC28C0104D00FCCEA0 /* ImagePipeline.h */,
				55E43FCA28C0104D00FCCEA0 /* ImagePipeline.metal */,
				55E43FC528C0104D00FCCEA0 /* ImagePipeline.mm */,
				55E43FC728C0104D00FCCEA0 /* ImagePipelineTypes.h */,
				55E43FC028C0104D00FCCEA0 /* LocalContrast.h */,
				55E43FBE28C0104D00FCCEA0 /* LocalContrast.metal */,
				55E43FCF28C0104D00FCCEA0 /* ReconstructHighlights.h */,
				55E43FC928C0104D00FCCEA0 /* ReconstructHighlights.metal */,
				55E43FCD28C0104D00FCCEA0 /* RenderThumb.h */,
				55E43FD128C0104D00FCCEA0 /* RenderThumb.metal */,
				55E43FD228C0104D00FCCEA0 /* Saturation.h */,
				55E43FC128C0104D00FCCEA0 /* Saturation.metal */,
			);
			path = ImagePipeline;
			sourceTree = "<group>";
		};
/* End PBXGroup section */

/* Begin PBXNativeTarget section */
		55B9745824C504E2000B2633 /* CFAViewer */ = {
			isa = PBXNativeTarget;
			buildConfigurationList = 55B9746A24C504E2000B2633 /* Build configuration list for PBXNativeTarget "CFAViewer" */;
			buildPhases = (
				55B9745524C504E2000B2633 /* Sources */,
				55B9745624C504E2000B2633 /* Frameworks */,
				55B9745724C504E2000B2633 /* Resources */,
			);
			buildRules = (
			);
			dependencies = (
			);
			name = CFAViewer;
			productName = MDCViewer;
			productReference = 55B9745924C504E2000B2633 /* CFAViewer.app */;
			productType = "com.apple.product-type.application";
		};
/* End PBXNativeTarget section */

/* Begin PBXProject section */
		55B9745124C504E2000B2633 /* Project object */ = {
			isa = PBXProject;
			attributes = {
				LastUpgradeCheck = 1140;
				ORGANIZATIONNAME = dave;
				TargetAttributes = {
					55B9745824C504E2000B2633 = {
						CreatedOnToolsVersion = 11.4;
					};
				};
			};
			buildConfigurationList = 55B9745424C504E2000B2633 /* Build configuration list for PBXProject "CFAViewer" */;
			compatibilityVersion = "Xcode 9.3";
			developmentRegion = en;
			hasScannedForEncodings = 0;
			knownRegions = (
				en,
				Base,
			);
			mainGroup = 55B9745024C504E2000B2633;
			productRefGroup = 55B9745A24C504E2000B2633 /* Products */;
			projectDirPath = "";
			projectRoot = "";
			targets = (
				55B9745824C504E2000B2633 /* CFAViewer */,
			);
		};
/* End PBXProject section */

/* Begin PBXResourcesBuildPhase section */
		55B9745724C504E2000B2633 /* Resources */ = {
			isa = PBXResourcesBuildPhase;
			buildActionMask = 2147483647;
			files = (
				55B9746024C504E2000B2633 /* Assets.xcassets in Resources */,
				556E460026B13CBD006681FA /* LICENSE.md in Resources */,
				55B9746324C504E2000B2633 /* MainMenu.xib in Resources */,
			);
			runOnlyForDeploymentPostprocessing = 0;
		};
/* End PBXResourcesBuildPhase section */

/* Begin PBXSourcesBuildPhase section */
		55B9745524C504E2000B2633 /* Sources */ = {
			isa = PBXSourcesBuildPhase;
			buildActionMask = 2147483647;
			files = (
				55E43FD528C0104D00FCCEA0 /* LocalContrast.metal in Sources */,
				55B9746624C504E2000B2633 /* main.m in Sources */,
				55E98EB625A920030062B458 /* MainView.mm in Sources */,
				55E43FD628C0104D00FCCEA0 /* Saturation.metal in Sources */,
				55EBCC8D258966FE0089A441 /* ImageLayer.mm in Sources */,
				55E43FDF28C0104D00FCCEA0 /* DebayerBilinear.metal in Sources */,
				55E4401928C0574F00FCCEA0 /* DownsampleDiscardRaw.metal in Sources */,
				55E43FE128C0104D00FCCEA0 /* FFCC.mm in Sources */,
				55E43FD928C0104D00FCCEA0 /* ImagePipeline.mm in Sources */,
				55EBCC8C258966FE0089A441 /* BaseView.mm in Sources */,
				55E43FDB28C0104D00FCCEA0 /* ReconstructHighlights.metal in Sources */,
				55E43FDA28C0104D00FCCEA0 /* DebayerLMMSE.metal in Sources */,
				55E43FD828C0104D00FCCEA0 /* Defringe.metal in Sources */,
				55B9745E24C504E2000B2633 /* AppDelegate.mm in Sources */,
				55AC9E0328ACBF7E00D0851E /* Renderer.metal in Sources */,
				55E43FDD28C0104D00FCCEA0 /* EstimateIlluminant.mm in Sources */,
				55E43FDC28C0104D00FCCEA0 /* ImagePipeline.metal in Sources */,
				55E43FD428C0104D00FCCEA0 /* Defringe.mm in Sources */,
				55E43FE028C0104D00FCCEA0 /* RenderThumb.metal in Sources */,
				55E43FD728C0104D00FCCEA0 /* FFCC.metal in Sources */,
			);
			runOnlyForDeploymentPostprocessing = 0;
		};
/* End PBXSourcesBuildPhase section */

/* Begin PBXVariantGroup section */
		55B9746124C504E2000B2633 /* MainMenu.xib */ = {
			isa = PBXVariantGroup;
			children = (
				55B9746224C504E2000B2633 /* Base */,
			);
			name = MainMenu.xib;
			sourceTree = "<group>";
		};
/* End PBXVariantGroup section */

/* Begin XCBuildConfiguration section */
		55B9746924C504E2000B2633 /* Release */ = {
			isa = XCBuildConfiguration;
			buildSettings = {
				ALWAYS_SEARCH_USER_PATHS = NO;
				CLANG_ANALYZER_NONNULL = YES;
				CLANG_ANALYZER_NUMBER_OBJECT_CONVERSION = YES_AGGRESSIVE;
				CLANG_CXX_LANGUAGE_STANDARD = "c++17";
				CLANG_CXX_LIBRARY = "libc++";
				CLANG_ENABLE_OBJC_ARC = YES;
				CLANG_ENABLE_OBJC_WEAK = YES;
				CLANG_WARN_BLOCK_CAPTURE_AUTORELEASING = YES;
				CLANG_WARN_BOOL_CONVERSION = YES;
				CLANG_WARN_COMMA = YES;
				CLANG_WARN_CONSTANT_CONVERSION = YES;
				CLANG_WARN_DEPRECATED_OBJC_IMPLEMENTATIONS = YES;
				CLANG_WARN_DIRECT_OBJC_ISA_USAGE = YES_ERROR;
				CLANG_WARN_DOCUMENTATION_COMMENTS = YES;
				CLANG_WARN_EMPTY_BODY = YES;
				CLANG_WARN_ENUM_CONVERSION = YES;
				CLANG_WARN_INFINITE_RECURSION = YES;
				CLANG_WARN_INT_CONVERSION = YES;
				CLANG_WARN_NON_LITERAL_NULL_CONVERSION = YES;
				CLANG_WARN_OBJC_IMPLICIT_RETAIN_SELF = YES;
				CLANG_WARN_OBJC_LITERAL_CONVERSION = YES;
				CLANG_WARN_OBJC_ROOT_CLASS = YES_ERROR;
				CLANG_WARN_RANGE_LOOP_ANALYSIS = YES;
				CLANG_WARN_STRICT_PROTOTYPES = YES;
				CLANG_WARN_SUSPICIOUS_MOVE = YES;
				CLANG_WARN_UNGUARDED_AVAILABILITY = YES_AGGRESSIVE;
				CLANG_WARN_UNREACHABLE_CODE = YES;
				CLANG_WARN__DUPLICATE_METHOD_MATCH = YES;
				COPY_PHASE_STRIP = NO;
				DEBUG_INFORMATION_FORMAT = "dwarf-with-dsym";
				ENABLE_NS_ASSERTIONS = NO;
				ENABLE_STRICT_OBJC_MSGSEND = YES;
				GCC_C_LANGUAGE_STANDARD = c11;
				GCC_NO_COMMON_BLOCKS = YES;
				GCC_OPTIMIZATION_LEVEL = 0;
				GCC_WARN_64_TO_32_BIT_CONVERSION = YES;
				GCC_WARN_ABOUT_RETURN_TYPE = YES_ERROR;
				GCC_WARN_UNDECLARED_SELECTOR = YES;
				GCC_WARN_UNINITIALIZED_AUTOS = YES_AGGRESSIVE;
				GCC_WARN_UNUSED_FUNCTION = YES;
				GCC_WARN_UNUSED_VARIABLE = YES;
				MACOSX_DEPLOYMENT_TARGET = 10.15;
				MTL_ENABLE_DEBUG_INFO = INCLUDE_SOURCE;
				MTL_FAST_MATH = YES;
				SDKROOT = macosx;
			};
			name = Release;
		};
		55B9746C24C504E2000B2633 /* Release */ = {
			isa = XCBuildConfiguration;
			buildSettings = {
				ASSETCATALOG_COMPILER_APPICON_NAME = AppIcon;
				CODE_SIGN_ENTITLEMENTS = CFAViewer.entitlements;
				COMBINE_HIDPI_IMAGES = YES;
				INFOPLIST_FILE = Info.plist;
				LD_RUNPATH_SEARCH_PATHS = (
					"$(inherited)",
					"@executable_path/../Frameworks",
				);
				MTL_HEADER_SEARCH_PATHS = "../.. ../../Code/Shared . ./ImagePipeline ../Shared";
				PRODUCT_BUNDLE_IDENTIFIER = com.dave.CFAViewer;
				PRODUCT_NAME = "$(TARGET_NAME)";
				USER_HEADER_SEARCH_PATHS = (
					$PROJECT_DIR/../..,
					$PROJECT_DIR/../../Code/Lib,
					$PROJECT_DIR/../../Code/Lib/date/include,
				);
			};
			name = Release;
		};
/* End XCBuildConfiguration section */

/* Begin XCConfigurationList section */
		55B9745424C504E2000B2633 /* Build configuration list for PBXProject "CFAViewer" */ = {
			isa = XCConfigurationList;
			buildConfigurations = (
				55B9746924C504E2000B2633 /* Release */,
			);
			defaultConfigurationIsVisible = 0;
			defaultConfigurationName = Release;
		};
		55B9746A24C504E2000B2633 /* Build configuration list for PBXNativeTarget "CFAViewer" */ = {
			isa = XCConfigurationList;
			buildConfigurations = (
				55B9746C24C504E2000B2633 /* Release */,
			);
			defaultConfigurationIsVisible = 0;
			defaultConfigurationName = Release;
		};
/* End XCConfigurationList section */
	};
	rootObject = 55B9745124C504E2000B2633 /* Project object */;
}
