// !$*UTF8*$!
{
	archiveVersion = 1;
	classes = {
	};
	objectVersion = 50;
	objects = {

/* Begin PBXBuildFile section */
		55671A38257E984F00C1CDA4 /* IOKit.framework in Frameworks */ = {isa = PBXBuildFile; fileRef = 55671A37257E984E00C1CDA4 /* IOKit.framework */; };
		559D8E102594205300836B47 /* Accelerate.framework in Frameworks */ = {isa = PBXBuildFile; fileRef = 559D8E0F2594205300836B47 /* Accelerate.framework */; };
		559D8E132598300700836B47 /* ApplicationServices.framework in Frameworks */ = {isa = PBXBuildFile; fileRef = 559D8E122598300700836B47 /* ApplicationServices.framework */; };
		55B9745E24C504E2000B2633 /* AppDelegate.mm in Sources */ = {isa = PBXBuildFile; fileRef = 55B9745D24C504E2000B2633 /* AppDelegate.mm */; };
		55B9746024C504E2000B2633 /* Assets.xcassets in Resources */ = {isa = PBXBuildFile; fileRef = 55B9745F24C504E2000B2633 /* Assets.xcassets */; };
		55B9746324C504E2000B2633 /* MainMenu.xib in Resources */ = {isa = PBXBuildFile; fileRef = 55B9746124C504E2000B2633 /* MainMenu.xib */; };
		55B9746624C504E2000B2633 /* main.m in Sources */ = {isa = PBXBuildFile; fileRef = 55B9746524C504E2000B2633 /* main.m */; };
		55B9747824C50A81000B2633 /* Cocoa.framework in Frameworks */ = {isa = PBXBuildFile; fileRef = 55B9747724C50A81000B2633 /* Cocoa.framework */; };
		55B9747A24C50A86000B2633 /* Metal.framework in Frameworks */ = {isa = PBXBuildFile; fileRef = 55B9747924C50A86000B2633 /* Metal.framework */; };
		55B9747C24C50A8A000B2633 /* QuartzCore.framework in Frameworks */ = {isa = PBXBuildFile; fileRef = 55B9747B24C50A8A000B2633 /* QuartzCore.framework */; };
		55DE384425F6DA2400AD2223 /* ChromaticAberrationCorrector.metal in Sources */ = {isa = PBXBuildFile; fileRef = 55DE384325F6DA2400AD2223 /* ChromaticAberrationCorrector.metal */; };
		55DE384625F6DD9B00AD2223 /* ImageLayerShaderTypes.h in Sources */ = {isa = PBXBuildFile; fileRef = 55DE384525F6DD9B00AD2223 /* ImageLayerShaderTypes.h */; };
		55E98EB625A920030062B458 /* MainView.mm in Sources */ = {isa = PBXBuildFile; fileRef = 55E98EB425A920030062B458 /* MainView.mm */; };
		55E98EB925A920890062B458 /* HistogramView.mm in Sources */ = {isa = PBXBuildFile; fileRef = 55E98EB725A920880062B458 /* HistogramView.mm */; };
		55E98ED425BFBA800062B458 /* MetalPerformanceShaders.framework in Frameworks */ = {isa = PBXBuildFile; fileRef = 55E98ED325BFBA800062B458 /* MetalPerformanceShaders.framework */; };
		55EBCC8C258966FE0089A441 /* BaseView.mm in Sources */ = {isa = PBXBuildFile; fileRef = 55EBCC87258966FE0089A441 /* BaseView.mm */; };
		55EBCC8D258966FE0089A441 /* ImageLayer.mm in Sources */ = {isa = PBXBuildFile; fileRef = 55EBCC88258966FE0089A441 /* ImageLayer.mm */; };
		55EBCC8E258966FE0089A441 /* ImageLayerShader.metal in Sources */ = {isa = PBXBuildFile; fileRef = 55EBCC89258966FE0089A441 /* ImageLayerShader.metal */; };
		55EBCC922589C3570089A441 /* HistogramLayer.mm in Sources */ = {isa = PBXBuildFile; fileRef = 55EBCC902589C3570089A441 /* HistogramLayer.mm */; };
		55EBCC942589C3960089A441 /* HistogramLayerShader.metal in Sources */ = {isa = PBXBuildFile; fileRef = 55EBCC932589C3960089A441 /* HistogramLayerShader.metal */; };
/* End PBXBuildFile section */

/* Begin PBXFileReference section */
		552E7D5A24C9316900438AAF /* CFAViewer.entitlements */ = {isa = PBXFileReference; lastKnownFileType = text.plist.entitlements; path = CFAViewer.entitlements; sourceTree = "<group>"; };
		55671A2A257E94BD00C1CDA4 /* USBPipe.h */ = {isa = PBXFileReference; fileEncoding = 4; lastKnownFileType = sourcecode.c.h; path = USBPipe.h; sourceTree = "<group>"; };
		55671A2B257E94BD00C1CDA4 /* TimeInstant.h */ = {isa = PBXFileReference; fileEncoding = 4; lastKnownFileType = sourcecode.c.h; path = TimeInstant.h; sourceTree = "<group>"; };
		55671A2C257E94BD00C1CDA4 /* MDCDevice.h */ = {isa = PBXFileReference; fileEncoding = 4; lastKnownFileType = sourcecode.c.h; path = MDCDevice.h; sourceTree = "<group>"; };
		55671A2D257E94BD00C1CDA4 /* RuntimeError.h */ = {isa = PBXFileReference; fileEncoding = 4; lastKnownFileType = sourcecode.c.h; path = RuntimeError.h; sourceTree = "<group>"; };
		55671A2E257E94BD00C1CDA4 /* USBInterface.h */ = {isa = PBXFileReference; fileEncoding = 4; lastKnownFileType = sourcecode.c.h; path = USBInterface.h; sourceTree = "<group>"; };
		55671A2F257E94BD00C1CDA4 /* MDCLoaderDevice.h */ = {isa = PBXFileReference; fileEncoding = 4; lastKnownFileType = sourcecode.c.h; path = MDCLoaderDevice.h; sourceTree = "<group>"; };
		55671A30257E94BD00C1CDA4 /* ELF32Binary.h */ = {isa = PBXFileReference; fileEncoding = 4; lastKnownFileType = sourcecode.c.h; path = ELF32Binary.h; sourceTree = "<group>"; };
		55671A31257E94BD00C1CDA4 /* Mmap.h */ = {isa = PBXFileReference; fileEncoding = 4; lastKnownFileType = sourcecode.c.h; path = Mmap.h; sourceTree = "<group>"; };
		55671A32257E94BD00C1CDA4 /* USBDevice.h */ = {isa = PBXFileReference; fileEncoding = 4; lastKnownFileType = sourcecode.c.h; path = USBDevice.h; sourceTree = "<group>"; };
		55671A33257E94BD00C1CDA4 /* SendRight.h */ = {isa = PBXFileReference; fileEncoding = 4; lastKnownFileType = sourcecode.c.h; path = SendRight.h; sourceTree = "<group>"; };
		55671A35257E94C000C1CDA4 /* Enum.h */ = {isa = PBXFileReference; fileEncoding = 4; lastKnownFileType = sourcecode.c.h; path = Enum.h; sourceTree = "<group>"; };
		55671A37257E984E00C1CDA4 /* IOKit.framework */ = {isa = PBXFileReference; lastKnownFileType = wrapper.framework; name = IOKit.framework; path = System/Library/Frameworks/IOKit.framework; sourceTree = SDKROOT; };
		55671A3A2580178100C1CDA4 /* MDCUtil.h */ = {isa = PBXFileReference; lastKnownFileType = sourcecode.c.h; path = MDCUtil.h; sourceTree = "<group>"; };
		5584A49125A2FC4A00C9FC5C /* ColorUtil.h */ = {isa = PBXFileReference; lastKnownFileType = sourcecode.c.h; path = ColorUtil.h; sourceTree = "<group>"; };
		559D8E0E2593EAB200836B47 /* Util.h */ = {isa = PBXFileReference; lastKnownFileType = sourcecode.c.h; path = Util.h; sourceTree = "<group>"; };
		559D8E0F2594205300836B47 /* Accelerate.framework */ = {isa = PBXFileReference; lastKnownFileType = wrapper.framework; name = Accelerate.framework; path = System/Library/Frameworks/Accelerate.framework; sourceTree = SDKROOT; };
		559D8E1125954F7E00836B47 /* Mat.h */ = {isa = PBXFileReference; lastKnownFileType = sourcecode.c.h; path = Mat.h; sourceTree = "<group>"; };
		559D8E122598300700836B47 /* ApplicationServices.framework */ = {isa = PBXFileReference; lastKnownFileType = wrapper.framework; name = ApplicationServices.framework; path = System/Library/Frameworks/ApplicationServices.framework; sourceTree = SDKROOT; };
		55B9745924C504E2000B2633 /* CFAViewer.app */ = {isa = PBXFileReference; explicitFileType = wrapper.application; includeInIndex = 0; path = CFAViewer.app; sourceTree = BUILT_PRODUCTS_DIR; };
		55B9745D24C504E2000B2633 /* AppDelegate.mm */ = {isa = PBXFileReference; lastKnownFileType = sourcecode.cpp.objcpp; path = AppDelegate.mm; sourceTree = "<group>"; };
		55B9745F24C504E2000B2633 /* Assets.xcassets */ = {isa = PBXFileReference; lastKnownFileType = folder.assetcatalog; path = Assets.xcassets; sourceTree = "<group>"; };
		55B9746224C504E2000B2633 /* Base */ = {isa = PBXFileReference; lastKnownFileType = file.xib; name = Base; path = Base.lproj/MainMenu.xib; sourceTree = "<group>"; };
		55B9746424C504E2000B2633 /* Info.plist */ = {isa = PBXFileReference; lastKnownFileType = text.plist.xml; path = Info.plist; sourceTree = "<group>"; };
		55B9746524C504E2000B2633 /* main.m */ = {isa = PBXFileReference; lastKnownFileType = sourcecode.c.objc; path = main.m; sourceTree = "<group>"; };
		55B9747724C50A81000B2633 /* Cocoa.framework */ = {isa = PBXFileReference; lastKnownFileType = wrapper.framework; name = Cocoa.framework; path = System/Library/Frameworks/Cocoa.framework; sourceTree = SDKROOT; };
		55B9747924C50A86000B2633 /* Metal.framework */ = {isa = PBXFileReference; lastKnownFileType = wrapper.framework; name = Metal.framework; path = System/Library/Frameworks/Metal.framework; sourceTree = SDKROOT; };
		55B9747B24C50A8A000B2633 /* QuartzCore.framework */ = {isa = PBXFileReference; lastKnownFileType = wrapper.framework; name = QuartzCore.framework; path = System/Library/Frameworks/QuartzCore.framework; sourceTree = SDKROOT; };
		55DE384325F6DA2400AD2223 /* ChromaticAberrationCorrector.metal */ = {isa = PBXFileReference; fileEncoding = 4; lastKnownFileType = sourcecode.metal; path = ChromaticAberrationCorrector.metal; sourceTree = "<group>"; };
		55DE384525F6DD9B00AD2223 /* ImageLayerShaderTypes.h */ = {isa = PBXFileReference; fileEncoding = 4; lastKnownFileType = sourcecode.c.h; path = ImageLayerShaderTypes.h; sourceTree = "<group>"; };
		55E98EB425A920030062B458 /* MainView.mm */ = {isa = PBXFileReference; fileEncoding = 4; lastKnownFileType = sourcecode.cpp.objcpp; path = MainView.mm; sourceTree = "<group>"; };
		55E98EB525A920030062B458 /* MainView.h */ = {isa = PBXFileReference; fileEncoding = 4; lastKnownFileType = sourcecode.c.h; path = MainView.h; sourceTree = "<group>"; };
		55E98EB725A920880062B458 /* HistogramView.mm */ = {isa = PBXFileReference; fileEncoding = 4; lastKnownFileType = sourcecode.cpp.objcpp; path = HistogramView.mm; sourceTree = "<group>"; };
		55E98EB825A920880062B458 /* HistogramView.h */ = {isa = PBXFileReference; fileEncoding = 4; lastKnownFileType = sourcecode.c.h; path = HistogramView.h; sourceTree = "<group>"; };
		55E98EBB25A921D80062B458 /* ColorChecker.h */ = {isa = PBXFileReference; fileEncoding = 4; lastKnownFileType = sourcecode.c.h; path = ColorChecker.h; sourceTree = "<group>"; };
		55E98EBD25A92EAF0062B458 /* STAppTypes.h */ = {isa = PBXFileReference; lastKnownFileType = sourcecode.c.h; name = STAppTypes.h; path = ../../Code/STM32/Shared/STAppTypes.h; sourceTree = "<group>"; };
		55E98EBE25A930780062B458 /* IOServiceMatcher.h */ = {isa = PBXFileReference; lastKnownFileType = sourcecode.c.h; path = IOServiceMatcher.h; sourceTree = "<group>"; };
		55E98ED225A9577A0062B458 /* IOServiceWatcher.h */ = {isa = PBXFileReference; lastKnownFileType = sourcecode.c.h; path = IOServiceWatcher.h; sourceTree = "<group>"; };
		55E98ED325BFBA800062B458 /* MetalPerformanceShaders.framework */ = {isa = PBXFileReference; lastKnownFileType = wrapper.framework; name = MetalPerformanceShaders.framework; path = System/Library/Frameworks/MetalPerformanceShaders.framework; sourceTree = SDKROOT; };
		55EBCC86258966FE0089A441 /* ImageLayer.h */ = {isa = PBXFileReference; fileEncoding = 4; lastKnownFileType = sourcecode.c.h; path = ImageLayer.h; sourceTree = "<group>"; };
		55EBCC87258966FE0089A441 /* BaseView.mm */ = {isa = PBXFileReference; fileEncoding = 4; lastKnownFileType = sourcecode.cpp.objcpp; path = BaseView.mm; sourceTree = "<group>"; };
		55EBCC88258966FE0089A441 /* ImageLayer.mm */ = {isa = PBXFileReference; fileEncoding = 4; lastKnownFileType = sourcecode.cpp.objcpp; path = ImageLayer.mm; sourceTree = "<group>"; };
		55EBCC89258966FE0089A441 /* ImageLayerShader.metal */ = {isa = PBXFileReference; fileEncoding = 4; lastKnownFileType = sourcecode.metal; path = ImageLayerShader.metal; sourceTree = "<group>"; };
		55EBCC8A258966FE0089A441 /* ImageLayerTypes.h */ = {isa = PBXFileReference; fileEncoding = 4; lastKnownFileType = sourcecode.c.h; path = ImageLayerTypes.h; sourceTree = "<group>"; };
		55EBCC8B258966FE0089A441 /* BaseView.h */ = {isa = PBXFileReference; fileEncoding = 4; lastKnownFileType = sourcecode.c.h; path = BaseView.h; sourceTree = "<group>"; };
		55EBCC8F25896F160089A441 /* Assert.h */ = {isa = PBXFileReference; lastKnownFileType = sourcecode.c.h; path = Assert.h; sourceTree = "<group>"; };
		55EBCC902589C3570089A441 /* HistogramLayer.mm */ = {isa = PBXFileReference; fileEncoding = 4; lastKnownFileType = sourcecode.cpp.objcpp; path = HistogramLayer.mm; sourceTree = "<group>"; };
		55EBCC912589C3570089A441 /* HistogramLayer.h */ = {isa = PBXFileReference; fileEncoding = 4; lastKnownFileType = sourcecode.c.h; path = HistogramLayer.h; sourceTree = "<group>"; };
		55EBCC932589C3960089A441 /* HistogramLayerShader.metal */ = {isa = PBXFileReference; fileEncoding = 4; lastKnownFileType = sourcecode.metal; path = HistogramLayerShader.metal; sourceTree = "<group>"; };
		55EBCC9B2589E5A00089A441 /* MetalTypes.h */ = {isa = PBXFileReference; lastKnownFileType = sourcecode.c.h; path = MetalTypes.h; sourceTree = "<group>"; };
		55EBCC9C2589E61F0089A441 /* HistogramLayerTypes.h */ = {isa = PBXFileReference; lastKnownFileType = sourcecode.c.h; path = HistogramLayerTypes.h; sourceTree = "<group>"; };
/* End PBXFileReference section */

/* Begin PBXFrameworksBuildPhase section */
		55B9745624C504E2000B2633 /* Frameworks */ = {
			isa = PBXFrameworksBuildPhase;
			buildActionMask = 2147483647;
			files = (
				55E98ED425BFBA800062B458 /* MetalPerformanceShaders.framework in Frameworks */,
				559D8E132598300700836B47 /* ApplicationServices.framework in Frameworks */,
				559D8E102594205300836B47 /* Accelerate.framework in Frameworks */,
				55B9747824C50A81000B2633 /* Cocoa.framework in Frameworks */,
				55B9747A24C50A86000B2633 /* Metal.framework in Frameworks */,
				55B9747C24C50A8A000B2633 /* QuartzCore.framework in Frameworks */,
				55671A38257E984F00C1CDA4 /* IOKit.framework in Frameworks */,
			);
			runOnlyForDeploymentPostprocessing = 0;
		};
/* End PBXFrameworksBuildPhase section */

/* Begin PBXGroup section */
		55671A29257E94BD00C1CDA4 /* Shared */ = {
			isa = PBXGroup;
			children = (
				559D8E1125954F7E00836B47 /* Mat.h */,
				5584A49125A2FC4A00C9FC5C /* ColorUtil.h */,
				55EBCC8F25896F160089A441 /* Assert.h */,
				55671A30257E94BD00C1CDA4 /* ELF32Binary.h */,
				55671A2C257E94BD00C1CDA4 /* MDCDevice.h */,
				55671A2F257E94BD00C1CDA4 /* MDCLoaderDevice.h */,
				55671A3A2580178100C1CDA4 /* MDCUtil.h */,
				55671A31257E94BD00C1CDA4 /* Mmap.h */,
				55671A2B257E94BD00C1CDA4 /* TimeInstant.h */,
				55671A2D257E94BD00C1CDA4 /* RuntimeError.h */,
				55671A33257E94BD00C1CDA4 /* SendRight.h */,
				55E98EBE25A930780062B458 /* IOServiceMatcher.h */,
				55E98ED225A9577A0062B458 /* IOServiceWatcher.h */,
				55671A32257E94BD00C1CDA4 /* USBDevice.h */,
				55671A2E257E94BD00C1CDA4 /* USBInterface.h */,
				55671A2A257E94BD00C1CDA4 /* USBPipe.h */,
				55E98EBD25A92EAF0062B458 /* STAppTypes.h */,
			);
			name = Shared;
			path = ../Shared;
			sourceTree = "<group>";
		};
		55671A34257E94C000C1CDA4 /* Shared */ = {
			isa = PBXGroup;
			children = (
				55671A35257E94C000C1CDA4 /* Enum.h */,
			);
			name = Shared;
			path = ../../Code/Shared;
			sourceTree = "<group>";
		};
		55B9745024C504E2000B2633 = {
			isa = PBXGroup;
			children = (
				55671A29257E94BD00C1CDA4 /* Shared */,
				55671A34257E94C000C1CDA4 /* Shared */,
				552E7D5A24C9316900438AAF /* CFAViewer.entitlements */,
				559D8E0E2593EAB200836B47 /* Util.h */,
				55E98EBB25A921D80062B458 /* ColorChecker.h */,
				55B9745D24C504E2000B2633 /* AppDelegate.mm */,
				55E98EB525A920030062B458 /* MainView.h */,
				55E98EB425A920030062B458 /* MainView.mm */,
				55EBCC9B2589E5A00089A441 /* MetalTypes.h */,
				55EBCC8A258966FE0089A441 /* ImageLayerTypes.h */,
				55DE384525F6DD9B00AD2223 /* ImageLayerShaderTypes.h */,
				55EBCC89258966FE0089A441 /* ImageLayerShader.metal */,
				55DE384325F6DA2400AD2223 /* ChromaticAberrationCorrector.metal */,
				55EBCC86258966FE0089A441 /* ImageLayer.h */,
				55EBCC88258966FE0089A441 /* ImageLayer.mm */,
				55EBCC9C2589E61F0089A441 /* HistogramLayerTypes.h */,
				55E98EB825A920880062B458 /* HistogramView.h */,
				55E98EB725A920880062B458 /* HistogramView.mm */,
				55EBCC912589C3570089A441 /* HistogramLayer.h */,
				55EBCC902589C3570089A441 /* HistogramLayer.mm */,
				55EBCC932589C3960089A441 /* HistogramLayerShader.metal */,
				55EBCC8B258966FE0089A441 /* BaseView.h */,
				55EBCC87258966FE0089A441 /* BaseView.mm */,
				55B9746424C504E2000B2633 /* Info.plist */,
				55B9746524C504E2000B2633 /* main.m */,
				55B9745F24C504E2000B2633 /* Assets.xcassets */,
				55B9746124C504E2000B2633 /* MainMenu.xib */,
				55B9747624C50A81000B2633 /* Frameworks */,
				55B9745A24C504E2000B2633 /* Products */,
			);
			sourceTree = "<group>";
		};
		55B9745A24C504E2000B2633 /* Products */ = {
			isa = PBXGroup;
			children = (
				55B9745924C504E2000B2633 /* CFAViewer.app */,
			);
			name = Products;
			sourceTree = "<group>";
		};
		55B9747624C50A81000B2633 /* Frameworks */ = {
			isa = PBXGroup;
			children = (
				55E98ED325BFBA800062B458 /* MetalPerformanceShaders.framework */,
				559D8E122598300700836B47 /* ApplicationServices.framework */,
				559D8E0F2594205300836B47 /* Accelerate.framework */,
				55671A37257E984E00C1CDA4 /* IOKit.framework */,
				55B9747B24C50A8A000B2633 /* QuartzCore.framework */,
				55B9747924C50A86000B2633 /* Metal.framework */,
				55B9747724C50A81000B2633 /* Cocoa.framework */,
			);
			name = Frameworks;
			sourceTree = "<group>";
		};
/* End PBXGroup section */

/* Begin PBXNativeTarget section */
		55B9745824C504E2000B2633 /* CFAViewer */ = {
			isa = PBXNativeTarget;
			buildConfigurationList = 55B9746A24C504E2000B2633 /* Build configuration list for PBXNativeTarget "CFAViewer" */;
			buildPhases = (
				55B9745524C504E2000B2633 /* Sources */,
				55B9745624C504E2000B2633 /* Frameworks */,
				55B9745724C504E2000B2633 /* Resources */,
			);
			buildRules = (
			);
			dependencies = (
			);
			name = CFAViewer;
			productName = MDCViewer;
			productReference = 55B9745924C504E2000B2633 /* CFAViewer.app */;
			productType = "com.apple.product-type.application";
		};
/* End PBXNativeTarget section */

/* Begin PBXProject section */
		55B9745124C504E2000B2633 /* Project object */ = {
			isa = PBXProject;
			attributes = {
				LastUpgradeCheck = 1140;
				ORGANIZATIONNAME = dave;
				TargetAttributes = {
					55B9745824C504E2000B2633 = {
						CreatedOnToolsVersion = 11.4;
					};
				};
			};
			buildConfigurationList = 55B9745424C504E2000B2633 /* Build configuration list for PBXProject "CFAViewer" */;
			compatibilityVersion = "Xcode 9.3";
			developmentRegion = en;
			hasScannedForEncodings = 0;
			knownRegions = (
				en,
				Base,
			);
			mainGroup = 55B9745024C504E2000B2633;
			productRefGroup = 55B9745A24C504E2000B2633 /* Products */;
			projectDirPath = "";
			projectRoot = "";
			targets = (
				55B9745824C504E2000B2633 /* CFAViewer */,
			);
		};
/* End PBXProject section */

/* Begin PBXResourcesBuildPhase section */
		55B9745724C504E2000B2633 /* Resources */ = {
			isa = PBXResourcesBuildPhase;
			buildActionMask = 2147483647;
			files = (
				55B9746024C504E2000B2633 /* Assets.xcassets in Resources */,
				55B9746324C504E2000B2633 /* MainMenu.xib in Resources */,
			);
			runOnlyForDeploymentPostprocessing = 0;
		};
/* End PBXResourcesBuildPhase section */

/* Begin PBXSourcesBuildPhase section */
		55B9745524C504E2000B2633 /* Sources */ = {
			isa = PBXSourcesBuildPhase;
			buildActionMask = 2147483647;
			files = (
				55EBCC922589C3570089A441 /* HistogramLayer.mm in Sources */,
				55E98EB925A920890062B458 /* HistogramView.mm in Sources */,
				55DE384625F6DD9B00AD2223 /* ImageLayerShaderTypes.h in Sources */,
				55B9746624C504E2000B2633 /* main.m in Sources */,
				55EBCC942589C3960089A441 /* HistogramLayerShader.metal in Sources */,
				55E98EB625A920030062B458 /* MainView.mm in Sources */,
				55EBCC8D258966FE0089A441 /* ImageLayer.mm in Sources */,
				55EBCC8C258966FE0089A441 /* BaseView.mm in Sources */,
				55B9745E24C504E2000B2633 /* AppDelegate.mm in Sources */,
				55EBCC8E258966FE0089A441 /* ImageLayerShader.metal in Sources */,
				55DE384425F6DA2400AD2223 /* ChromaticAberrationCorrector.metal in Sources */,
			);
			runOnlyForDeploymentPostprocessing = 0;
		};
/* End PBXSourcesBuildPhase section */

/* Begin PBXVariantGroup section */
		55B9746124C504E2000B2633 /* MainMenu.xib */ = {
			isa = PBXVariantGroup;
			children = (
				55B9746224C504E2000B2633 /* Base */,
			);
			name = MainMenu.xib;
			sourceTree = "<group>";
		};
/* End PBXVariantGroup section */

/* Begin XCBuildConfiguration section */
		55B9746924C504E2000B2633 /* Release */ = {
			isa = XCBuildConfiguration;
			buildSettings = {
				ALWAYS_SEARCH_USER_PATHS = NO;
				CLANG_ANALYZER_NONNULL = YES;
				CLANG_ANALYZER_NUMBER_OBJECT_CONVERSION = YES_AGGRESSIVE;
				CLANG_CXX_LANGUAGE_STANDARD = "c++17";
				CLANG_CXX_LIBRARY = "libc++";
				CLANG_ENABLE_OBJC_ARC = YES;
				CLANG_ENABLE_OBJC_WEAK = YES;
				CLANG_WARN_BLOCK_CAPTURE_AUTORELEASING = YES;
				CLANG_WARN_BOOL_CONVERSION = YES;
				CLANG_WARN_COMMA = YES;
				CLANG_WARN_CONSTANT_CONVERSION = YES;
				CLANG_WARN_DEPRECATED_OBJC_IMPLEMENTATIONS = YES;
				CLANG_WARN_DIRECT_OBJC_ISA_USAGE = YES_ERROR;
				CLANG_WARN_DOCUMENTATION_COMMENTS = YES;
				CLANG_WARN_EMPTY_BODY = YES;
				CLANG_WARN_ENUM_CONVERSION = YES;
				CLANG_WARN_INFINITE_RECURSION = YES;
				CLANG_WARN_INT_CONVERSION = YES;
				CLANG_WARN_NON_LITERAL_NULL_CONVERSION = YES;
				CLANG_WARN_OBJC_IMPLICIT_RETAIN_SELF = YES;
				CLANG_WARN_OBJC_LITERAL_CONVERSION = YES;
				CLANG_WARN_OBJC_ROOT_CLASS = YES_ERROR;
				CLANG_WARN_RANGE_LOOP_ANALYSIS = YES;
				CLANG_WARN_STRICT_PROTOTYPES = YES;
				CLANG_WARN_SUSPICIOUS_MOVE = YES;
				CLANG_WARN_UNGUARDED_AVAILABILITY = YES_AGGRESSIVE;
				CLANG_WARN_UNREACHABLE_CODE = YES;
				CLANG_WARN__DUPLICATE_METHOD_MATCH = YES;
				COPY_PHASE_STRIP = NO;
				DEBUG_INFORMATION_FORMAT = "dwarf-with-dsym";
				ENABLE_NS_ASSERTIONS = NO;
				ENABLE_STRICT_OBJC_MSGSEND = YES;
				GCC_C_LANGUAGE_STANDARD = c11;
				GCC_NO_COMMON_BLOCKS = YES;
				GCC_OPTIMIZATION_LEVEL = 0;
				GCC_WARN_64_TO_32_BIT_CONVERSION = YES;
				GCC_WARN_ABOUT_RETURN_TYPE = YES_ERROR;
				GCC_WARN_UNDECLARED_SELECTOR = YES;
				GCC_WARN_UNINITIALIZED_AUTOS = YES_AGGRESSIVE;
				GCC_WARN_UNUSED_FUNCTION = YES;
				GCC_WARN_UNUSED_VARIABLE = YES;
				MACOSX_DEPLOYMENT_TARGET = 10.15;
				MTL_ENABLE_DEBUG_INFO = INCLUDE_SOURCE;
				MTL_FAST_MATH = YES;
				MTL_HEADER_SEARCH_PATHS = ../../Code/Shared;
				SDKROOT = macosx;
			};
			name = Release;
		};
		55B9746C24C504E2000B2633 /* Release */ = {
			isa = XCBuildConfiguration;
			buildSettings = {
				ASSETCATALOG_COMPILER_APPICON_NAME = AppIcon;
				CODE_SIGN_ENTITLEMENTS = CFAViewer.entitlements;
				COMBINE_HIDPI_IMAGES = YES;
				INFOPLIST_FILE = Info.plist;
				LD_RUNPATH_SEARCH_PATHS = (
					"$(inherited)",
					"@executable_path/../Frameworks",
				);
				PRODUCT_BUNDLE_IDENTIFIER = com.dave.CFAViewer;
				PRODUCT_NAME = "$(TARGET_NAME)";
			};
			name = Release;
		};
/* End XCBuildConfiguration section */

/* Begin XCConfigurationList section */
		55B9745424C504E2000B2633 /* Build configuration list for PBXProject "CFAViewer" */ = {
			isa = XCConfigurationList;
			buildConfigurations = (
				55B9746924C504E2000B2633 /* Release */,
			);
			defaultConfigurationIsVisible = 0;
			defaultConfigurationName = Release;
		};
		55B9746A24C504E2000B2633 /* Build configuration list for PBXNativeTarget "CFAViewer" */ = {
			isa = XCConfigurationList;
			buildConfigurations = (
				55B9746C24C504E2000B2633 /* Release */,
			);
			defaultConfigurationIsVisible = 0;
			defaultConfigurationName = Release;
		};
/* End XCConfigurationList section */
	};
	rootObject = 55B9745124C504E2000B2633 /* Project object */;
}
